// !$*UTF8*$!
{
	archiveVersion = 1;
	classes = {
	};
	objectVersion = 56;
	objects = {

/* Begin PBXBuildFile section */
		180E74642B0E4F5E0045B9D6 /* VideoHandler.swift in Sources */ = {isa = PBXBuildFile; fileRef = 180E74632B0E4F5E0045B9D6 /* VideoHandler.swift */; };
		18162CED2AB1C28300A75199 /* TransportConfigSettings.swift in Sources */ = {isa = PBXBuildFile; fileRef = 18162CEC2AB1C28300A75199 /* TransportConfigSettings.swift */; };
		1848B86D2ABAE21B00275F71 /* DecimusAudioEngine.swift in Sources */ = {isa = PBXBuildFile; fileRef = 1848B86C2ABAE21B00275F71 /* DecimusAudioEngine.swift */; };
		1848B86F2ABAE51A00275F71 /* OSStatusError.swift in Sources */ = {isa = PBXBuildFile; fileRef = 1848B86E2ABAE51A00275F71 /* OSStatusError.swift */; };
		184912882A3A51FC00773D39 /* OpusSubscription.swift in Sources */ = {isa = PBXBuildFile; fileRef = 184912872A3A51FC00773D39 /* OpusSubscription.swift */; };
		1849128A2A3B560200773D39 /* clibjitter.xcframework in Frameworks */ = {isa = PBXBuildFile; fileRef = 184912892A3B560200773D39 /* clibjitter.xcframework */; };
		1849128B2A3B560200773D39 /* clibjitter.xcframework in Embed Libraries */ = {isa = PBXBuildFile; fileRef = 184912892A3B560200773D39 /* clibjitter.xcframework */; settings = {ATTRIBUTES = (CodeSignOnCopy, RemoveHeadersOnCopy, ); }; };
		186397A12ADE0B9100FBF877 /* VideoDevices.swift in Sources */ = {isa = PBXBuildFile; fileRef = 186397A02ADE0B9100FBF877 /* VideoDevices.swift */; };
		1867950B2AD58E54008F99C6 /* PreviewView.swift in Sources */ = {isa = PBXBuildFile; fileRef = 1867950A2AD58E54008F99C6 /* PreviewView.swift */; };
		18865CC72A81356100B9A647 /* SubscriptionSettingsView.swift in Sources */ = {isa = PBXBuildFile; fileRef = 18865CC62A81356100B9A647 /* SubscriptionSettingsView.swift */; };
		188ABB562A792E9C00B31A6E /* Opus in Frameworks */ = {isa = PBXBuildFile; productRef = 188ABB552A792E9C00B31A6E /* Opus */; };
		18A108D02AA60DAB00FDC0A5 /* CpuUsage.swift in Sources */ = {isa = PBXBuildFile; fileRef = 18A108CF2AA60DAB00FDC0A5 /* CpuUsage.swift */; };
		18B2F4082AC59582008E3BFD /* TestVideoJitterBuffer.swift in Sources */ = {isa = PBXBuildFile; fileRef = 18B2F4072AC59582008E3BFD /* TestVideoJitterBuffer.swift */; };
		18B2F40A2AC5B9C5008E3BFD /* VideoDequeuer.swift in Sources */ = {isa = PBXBuildFile; fileRef = 18B2F4092AC5B9C5008E3BFD /* VideoDequeuer.swift */; };
		18BF456A2B0B90B3006E8E24 /* CMSampleBuffer+Attachments.swift in Sources */ = {isa = PBXBuildFile; fileRef = 18BF45692B0B90B3006E8E24 /* CMSampleBuffer+Attachments.swift */; };
		18BF456C2B0B939E006E8E24 /* TestCMSampleBuffer+Attachments.swift in Sources */ = {isa = PBXBuildFile; fileRef = 18BF456B2B0B939E006E8E24 /* TestCMSampleBuffer+Attachments.swift */; };
		18BF45702B0CD632006E8E24 /* VTDecoder.swift in Sources */ = {isa = PBXBuildFile; fileRef = 18BF456D2B0CD632006E8E24 /* VTDecoder.swift */; };
		18BF45712B0CD632006E8E24 /* VTEncoder.swift in Sources */ = {isa = PBXBuildFile; fileRef = 18BF456E2B0CD632006E8E24 /* VTEncoder.swift */; };
		18BF45722B0CD632006E8E24 /* HEVCUtilities.swift in Sources */ = {isa = PBXBuildFile; fileRef = 18BF456F2B0CD632006E8E24 /* HEVCUtilities.swift */; };
		18BF45782B0E0F3D006E8E24 /* TPCircularBuffer in Frameworks */ = {isa = PBXBuildFile; productRef = 18BF45772B0E0F3D006E8E24 /* TPCircularBuffer */; };
		18C89A3A2A13D1E4005B333B /* InfluxDBSwift in Frameworks */ = {isa = PBXBuildFile; productRef = 18C89A392A13D1E4005B333B /* InfluxDBSwift */; };
		18C89A3C2A13D30B005B333B /* MetricsSubmitter.swift in Sources */ = {isa = PBXBuildFile; fileRef = 18C89A3B2A13D30B005B333B /* MetricsSubmitter.swift */; };
		18C89A3E2A13D315005B333B /* Measurement.swift in Sources */ = {isa = PBXBuildFile; fileRef = 18C89A3D2A13D315005B333B /* Measurement.swift */; };
		18C89A402A13D334005B333B /* InfluxMetricsSubmitter.swift in Sources */ = {isa = PBXBuildFile; fileRef = 18C89A3F2A13D334005B333B /* InfluxMetricsSubmitter.swift */; };
		18C89A422A13EB1E005B333B /* InfluxConfig.swift in Sources */ = {isa = PBXBuildFile; fileRef = 18C89A412A13EB1E005B333B /* InfluxConfig.swift */; };
		18C89A442A13ED24005B333B /* MockSubmitter.swift in Sources */ = {isa = PBXBuildFile; fileRef = 18C89A432A13ED24005B333B /* MockSubmitter.swift */; };
		18C89A462A14E667005B333B /* AppStorageWrapper.swift in Sources */ = {isa = PBXBuildFile; fileRef = 18C89A452A14E667005B333B /* AppStorageWrapper.swift */; };
		18C89A4B2A14EF1F005B333B /* InfluxSettingsView.swift in Sources */ = {isa = PBXBuildFile; fileRef = 18C89A4A2A14EF1F005B333B /* InfluxSettingsView.swift */; };
		18EC340D2A69CFD6004FE2EE /* VideoView.swift in Sources */ = {isa = PBXBuildFile; fileRef = 18EC340C2A69CFD6004FE2EE /* VideoView.swift */; };
		18F7C4D62AB1C795005EDB88 /* VideoFrame.swift in Sources */ = {isa = PBXBuildFile; fileRef = 18F7C4D52AB1C795005EDB88 /* VideoFrame.swift */; };
		18F7C4D82AB1C7AA005EDB88 /* VideoJitterBuffer.swift in Sources */ = {isa = PBXBuildFile; fileRef = 18F7C4D72AB1C7AA005EDB88 /* VideoJitterBuffer.swift */; };
		18F7C4DA2AB1C7BD005EDB88 /* OrderedCollections in Frameworks */ = {isa = PBXBuildFile; productRef = 18F7C4D92AB1C7BD005EDB88 /* OrderedCollections */; };
		9B0C4E1C2A94BA5D00F6A644 /* WrappedOptional.swift in Sources */ = {isa = PBXBuildFile; fileRef = 9B0C4E1B2A94BA5D00F6A644 /* WrappedOptional.swift */; };
		9B165A1529840B610017079F /* CallController.swift in Sources */ = {isa = PBXBuildFile; fileRef = 9B165A1429840B610017079F /* CallController.swift */; };
		9B480662297EAF170040F5D4 /* InCallView.swift in Sources */ = {isa = PBXBuildFile; fileRef = 9B480661297EAF170040F5D4 /* InCallView.swift */; };
		9B48066E297F19700040F5D4 /* CaptureManager.swift in Sources */ = {isa = PBXBuildFile; fileRef = 9B48066D297F19700040F5D4 /* CaptureManager.swift */; };
		9B48068929829FB90040F5D4 /* VideoParticipant.swift in Sources */ = {isa = PBXBuildFile; fileRef = 9B48068829829FB90040F5D4 /* VideoParticipant.swift */; };
		9B48068C298301FD0040F5D4 /* QMediaTypes.swift in Sources */ = {isa = PBXBuildFile; fileRef = 9B48068B298301FD0040F5D4 /* QMediaTypes.swift */; };
		9B7F40022ACB1914003333C3 /* H264Utilities.swift in Sources */ = {isa = PBXBuildFile; fileRef = 9B7F40012ACB1914003333C3 /* H264Utilities.swift */; };
		9B7F40042ACB5808003333C3 /* TestH264Utilities.swift in Sources */ = {isa = PBXBuildFile; fileRef = 9B7F40032ACB5808003333C3 /* TestH264Utilities.swift */; };
		9B87FB622A03B91E00C92DD1 /* SettingsView.swift in Sources */ = {isa = PBXBuildFile; fileRef = 9B87FB612A03B91E00C92DD1 /* SettingsView.swift */; };
		9B9622DC2A7A669A00949234 /* QHelpers.swift in Sources */ = {isa = PBXBuildFile; fileRef = 9B9622DB2A7A669A00949234 /* QHelpers.swift */; };
		9B9622DE2A7A6A3A00949234 /* TestQHelpers.swift in Sources */ = {isa = PBXBuildFile; fileRef = 9B9622DD2A7A6A3A00949234 /* TestQHelpers.swift */; };
		9B9BD43D2A464A47008B30C4 /* OpusPublication.swift in Sources */ = {isa = PBXBuildFile; fileRef = 9B9BD43C2A464A47008B30C4 /* OpusPublication.swift */; };
		9BA27FC6297D7270007013B2 /* DecimusApp.swift in Sources */ = {isa = PBXBuildFile; fileRef = 9BA27FC5297D7270007013B2 /* DecimusApp.swift */; };
		9BA27FCA297D7271007013B2 /* Assets.xcassets in Resources */ = {isa = PBXBuildFile; fileRef = 9BA27FC9297D7271007013B2 /* Assets.xcassets */; };
		9BA27FCD297D7271007013B2 /* Preview Assets.xcassets in Resources */ = {isa = PBXBuildFile; fileRef = 9BA27FCC297D7271007013B2 /* Preview Assets.xcassets */; };
		9BA27FF5297D787F007013B2 /* ConfigCallView.swift in Sources */ = {isa = PBXBuildFile; fileRef = 9BA27FF4297D787F007013B2 /* ConfigCallView.swift */; };
		9BA27FF8297DCF3C007013B2 /* CallSetupView.swift in Sources */ = {isa = PBXBuildFile; fileRef = 9BA27FF7297DCF3C007013B2 /* CallSetupView.swift */; };
		9BA27FFB297DD8D9007013B2 /* CallConfig.swift in Sources */ = {isa = PBXBuildFile; fileRef = 9BA27FFA297DD8D9007013B2 /* CallConfig.swift */; };
		9BAD55BD29B0B77700D9B65F /* ErrorWriter.swift in Sources */ = {isa = PBXBuildFile; fileRef = 9BAD55BC29B0B77700D9B65F /* ErrorWriter.swift */; };
		9BD96EFD2AC2DAA200EC794C /* VideoJitterBufferSettingsView.swift in Sources */ = {isa = PBXBuildFile; fileRef = 9BD96EFC2AC2DAA200EC794C /* VideoJitterBufferSettingsView.swift */; };
		9BDD5B13299697DE00C01D54 /* DequeModule in Frameworks */ = {isa = PBXBuildFile; productRef = 9BDD5B12299697DE00C01D54 /* DequeModule */; };
		9BDD5B182996A86500C01D54 /* LibOpusDecoder.swift in Sources */ = {isa = PBXBuildFile; fileRef = 9BDD5B172996A86500C01D54 /* LibOpusDecoder.swift */; };
		9BDD5B1A299A395B00C01D54 /* LibOpusEncoder.swift in Sources */ = {isa = PBXBuildFile; fileRef = 9BDD5B19299A395B00C01D54 /* LibOpusEncoder.swift */; };
		D78619462A28FC9D00EC0556 /* QMediaDelegates.mm in Sources */ = {isa = PBXBuildFile; fileRef = D78619422A28FC9C00EC0556 /* QMediaDelegates.mm */; };
		D78619472A28FC9D00EC0556 /* QControllerGW.mm in Sources */ = {isa = PBXBuildFile; fileRef = D78619442A28FC9D00EC0556 /* QControllerGW.mm */; };
		D7883CA22A2E82A200B88A61 /* qmedia.xcframework in Frameworks */ = {isa = PBXBuildFile; fileRef = D786194B2A290F1600EC0556 /* qmedia.xcframework */; };
		D7883CA32A2E82A200B88A61 /* qmedia.xcframework in Embed Libraries */ = {isa = PBXBuildFile; fileRef = D786194B2A290F1600EC0556 /* qmedia.xcframework */; settings = {ATTRIBUTES = (CodeSignOnCopy, RemoveHeadersOnCopy, ); }; };
		D7D156392AD73DE600B4E4F2 /* EncodedFrameBufferAllocator.mm in Sources */ = {isa = PBXBuildFile; fileRef = D7D156382AD73DE600B4E4F2 /* EncodedFrameBufferAllocator.mm */; };
		FF01709629C10013000E23A6 /* FormInput.swift in Sources */ = {isa = PBXBuildFile; fileRef = FF01709529C10013000E23A6 /* FormInput.swift */; };
		FF1C5C2D29DD110600887833 /* CallControls.swift in Sources */ = {isa = PBXBuildFile; fileRef = FF1C5C2A29DD110600887833 /* CallControls.swift */; };
		FF1C5C2E29DD110600887833 /* LeaveModal.swift in Sources */ = {isa = PBXBuildFile; fileRef = FF1C5C2B29DD110600887833 /* LeaveModal.swift */; };
		FF1C5C2F29DD110600887833 /* VideoGrid.swift in Sources */ = {isa = PBXBuildFile; fileRef = FF1C5C2C29DD110600887833 /* VideoGrid.swift */; };
		FF2498B02A534E8E00C6D66D /* H264Publication.swift in Sources */ = {isa = PBXBuildFile; fileRef = FF2498AF2A534E8E00C6D66D /* H264Publication.swift */; };
		FF2498B22A53575D00C6D66D /* PublicationFactory.swift in Sources */ = {isa = PBXBuildFile; fileRef = FF2498B12A53575D00C6D66D /* PublicationFactory.swift */; };
		FF2498B42A55E8CC00C6D66D /* SubscriptionFactory.swift in Sources */ = {isa = PBXBuildFile; fileRef = FF2498B32A55E8CC00C6D66D /* SubscriptionFactory.swift */; };
		FF2498B72A55E95E00C6D66D /* VideoSubscription.swift in Sources */ = {isa = PBXBuildFile; fileRef = FF2498B62A55E95E00C6D66D /* VideoSubscription.swift */; };
		FF3334002AA77D8B00DDE4AD /* ManifestTypes.swift in Sources */ = {isa = PBXBuildFile; fileRef = FF3333FF2AA77D8B00DDE4AD /* ManifestTypes.swift */; };
		FF3B952C2A60C1EF00CE463F /* QJitterBuffer.mm in Sources */ = {isa = PBXBuildFile; fileRef = FF3B952B2A60C1EF00CE463F /* QJitterBuffer.mm */; };
		FF4DA06D29FAEF4F00A01E5D /* ViewExtensions.swift in Sources */ = {isa = PBXBuildFile; fileRef = FF4DA06C29FAEF4F00A01E5D /* ViewExtensions.swift */; };
		FF6C80A92A16DB850094751E /* Publication.swift in Sources */ = {isa = PBXBuildFile; fileRef = FF6C80A82A16DB850094751E /* Publication.swift */; };
		FF6C80AB2A17E8980094751E /* SubscriptionError.swift in Sources */ = {isa = PBXBuildFile; fileRef = FF6C80AA2A17E8980094751E /* SubscriptionError.swift */; };
		FF6D6D302A00410400B535DA /* fonts in Resources */ = {isa = PBXBuildFile; fileRef = FF6D6D2F2A00410400B535DA /* fonts */; };
		FF6D6D522A00415300B535DA /* CiscoSansTT-MediumOblique.woff2 in Resources */ = {isa = PBXBuildFile; fileRef = FF6D6D512A00410A00B535DA /* CiscoSansTT-MediumOblique.woff2 */; };
		FF6D6D532A00415300B535DA /* CiscoSansTTThinOblique.woff2 in Resources */ = {isa = PBXBuildFile; fileRef = FF6D6D3F2A00410A00B535DA /* CiscoSansTTThinOblique.woff2 */; };
		FF6D6D542A00415300B535DA /* CiscoSansTT-Medium.woff2 in Resources */ = {isa = PBXBuildFile; fileRef = FF6D6D492A00410A00B535DA /* CiscoSansTT-Medium.woff2 */; };
		FF6D6D552A00415300B535DA /* CiscoSansTTRegular.woff in Resources */ = {isa = PBXBuildFile; fileRef = FF6D6D3D2A00410A00B535DA /* CiscoSansTTRegular.woff */; };
		FF6D6D562A00415300B535DA /* CiscoSansTTExtraLight.woff in Resources */ = {isa = PBXBuildFile; fileRef = FF6D6D342A00410A00B535DA /* CiscoSansTTExtraLight.woff */; };
		FF6D6D572A00415300B535DA /* CiscoSansTTHeavy.woff2 in Resources */ = {isa = PBXBuildFile; fileRef = FF6D6D462A00410A00B535DA /* CiscoSansTTHeavy.woff2 */; };
		FF6D6D582A00415300B535DA /* CiscoSansTTLight.woff in Resources */ = {isa = PBXBuildFile; fileRef = FF6D6D372A00410A00B535DA /* CiscoSansTTLight.woff */; };
		FF6D6D592A00415300B535DA /* CiscoSansTTHeavyOblique.woff2 in Resources */ = {isa = PBXBuildFile; fileRef = FF6D6D4B2A00410A00B535DA /* CiscoSansTTHeavyOblique.woff2 */; };
		FF6D6D5A2A00415300B535DA /* CiscoSansTTBold.woff in Resources */ = {isa = PBXBuildFile; fileRef = FF6D6D4A2A00410A00B535DA /* CiscoSansTTBold.woff */; };
		FF6D6D5B2A00415300B535DA /* CiscoSansTTCondBold.woff in Resources */ = {isa = PBXBuildFile; fileRef = FF6D6D332A00410A00B535DA /* CiscoSansTTCondBold.woff */; };
		FF6D6D5C2A00415300B535DA /* CiscoSansTTRegularOblique.woff2 in Resources */ = {isa = PBXBuildFile; fileRef = FF6D6D4C2A00410A00B535DA /* CiscoSansTTRegularOblique.woff2 */; };
		FF6D6D5D2A00415300B535DA /* CiscoSansTTExtraLight.woff2 in Resources */ = {isa = PBXBuildFile; fileRef = FF6D6D392A00410A00B535DA /* CiscoSansTTExtraLight.woff2 */; };
		FF6D6D5E2A00415300B535DA /* CiscoSansTTLightOblique.woff2 in Resources */ = {isa = PBXBuildFile; fileRef = FF6D6D472A00410A00B535DA /* CiscoSansTTLightOblique.woff2 */; };
		FF6D6D5F2A00415300B535DA /* CiscoSansTTHeavy.woff in Resources */ = {isa = PBXBuildFile; fileRef = FF6D6D322A00410A00B535DA /* CiscoSansTTHeavy.woff */; };
		FF6D6D602A00415300B535DA /* CiscoSansTTLight.woff2 in Resources */ = {isa = PBXBuildFile; fileRef = FF6D6D382A00410A00B535DA /* CiscoSansTTLight.woff2 */; };
		FF6D6D612A00415300B535DA /* CiscoSansTTBoldOblique.woff2 in Resources */ = {isa = PBXBuildFile; fileRef = FF6D6D3B2A00410A00B535DA /* CiscoSansTTBoldOblique.woff2 */; };
		FF6D6D622A00415300B535DA /* CiscoSansTTBold.woff2 in Resources */ = {isa = PBXBuildFile; fileRef = FF6D6D402A00410A00B535DA /* CiscoSansTTBold.woff2 */; };
		FF6D6D632A00415300B535DA /* CiscoSansTTCondRegular.woff2 in Resources */ = {isa = PBXBuildFile; fileRef = FF6D6D3A2A00410A00B535DA /* CiscoSansTTCondRegular.woff2 */; };
		FF6D6D642A00415300B535DA /* CiscoSansTTHeavyOblique.woff in Resources */ = {isa = PBXBuildFile; fileRef = FF6D6D3E2A00410A00B535DA /* CiscoSansTTHeavyOblique.woff */; };
		FF6D6D652A00415300B535DA /* CiscoSansTT-MediumOblique.woff in Resources */ = {isa = PBXBuildFile; fileRef = FF6D6D442A00410A00B535DA /* CiscoSansTT-MediumOblique.woff */; };
		FF6D6D662A00415300B535DA /* CiscoSansTTRegular.woff2 in Resources */ = {isa = PBXBuildFile; fileRef = FF6D6D452A00410A00B535DA /* CiscoSansTTRegular.woff2 */; };
		FF6D6D672A00415300B535DA /* CiscoSansTTRegularOblique.woff in Resources */ = {isa = PBXBuildFile; fileRef = FF6D6D4E2A00410A00B535DA /* CiscoSansTTRegularOblique.woff */; };
		FF6D6D682A00415300B535DA /* CiscoSansTTCondRegular.woff in Resources */ = {isa = PBXBuildFile; fileRef = FF6D6D362A00410A00B535DA /* CiscoSansTTCondRegular.woff */; };
		FF6D6D692A00415300B535DA /* CiscoSansTTThin.woff2 in Resources */ = {isa = PBXBuildFile; fileRef = FF6D6D3C2A00410A00B535DA /* CiscoSansTTThin.woff2 */; };
		FF6D6D6A2A00415300B535DA /* CiscoSansTTCondBold.woff2 in Resources */ = {isa = PBXBuildFile; fileRef = FF6D6D432A00410A00B535DA /* CiscoSansTTCondBold.woff2 */; };
		FF6D6D6B2A00415300B535DA /* CiscoSansTTExtraLightOblique.woff in Resources */ = {isa = PBXBuildFile; fileRef = FF6D6D352A00410A00B535DA /* CiscoSansTTExtraLightOblique.woff */; };
		FF6D6D6C2A00415300B535DA /* CiscoSansTTBoldOblique.woff in Resources */ = {isa = PBXBuildFile; fileRef = FF6D6D482A00410A00B535DA /* CiscoSansTTBoldOblique.woff */; };
		FF6D6D6D2A00415300B535DA /* CiscoSansTTLightOblique.woff in Resources */ = {isa = PBXBuildFile; fileRef = FF6D6D4F2A00410A00B535DA /* CiscoSansTTLightOblique.woff */; };
		FF6D6D6E2A00415300B535DA /* CiscoSansTTExtraLightOblique.woff2 in Resources */ = {isa = PBXBuildFile; fileRef = FF6D6D502A00410A00B535DA /* CiscoSansTTExtraLightOblique.woff2 */; };
		FF6D6D6F2A00415300B535DA /* CiscoSansTTThinOblique.woff in Resources */ = {isa = PBXBuildFile; fileRef = FF6D6D4D2A00410A00B535DA /* CiscoSansTTThinOblique.woff */; };
		FF6D6D702A00415300B535DA /* CiscoSansTT-Medium.woff in Resources */ = {isa = PBXBuildFile; fileRef = FF6D6D412A00410A00B535DA /* CiscoSansTT-Medium.woff */; };
		FF6D6D712A00415300B535DA /* CiscoSansTTThin.woff in Resources */ = {isa = PBXBuildFile; fileRef = FF6D6D422A00410A00B535DA /* CiscoSansTTThin.woff */; };
		FF6D6D752A01CCAE00B535DA /* ManifestController.swift in Sources */ = {isa = PBXBuildFile; fileRef = FF6D6D742A01CCAE00B535DA /* ManifestController.swift */; };
		FF6D6D792A0422CE00B535DA /* CodecFactory.swift in Sources */ = {isa = PBXBuildFile; fileRef = FF6D6D782A0422CE00B535DA /* CodecFactory.swift */; };
		FFA0E8502A6F25A20027603B /* WrappingHStack in Frameworks */ = {isa = PBXBuildFile; productRef = FFA0E84F2A6F25A20027603B /* WrappingHStack */; };
		FFB8CBE529C148B70093C623 /* ActionPicker.swift in Sources */ = {isa = PBXBuildFile; fileRef = FFB8CBE429C148B70093C623 /* ActionPicker.swift */; };
		FFBF2FB729BFE48100D769CF /* ActionButton.swift in Sources */ = {isa = PBXBuildFile; fileRef = FFBF2FB629BFE48100D769CF /* ActionButton.swift */; };
		FFD1CFEE2A2131250034CDD0 /* PublisherDelegate.swift in Sources */ = {isa = PBXBuildFile; fileRef = FFD1CFED2A2131250034CDD0 /* PublisherDelegate.swift */; };
		FFD1CFF02A214FA60034CDD0 /* SubscriberDelegate.swift in Sources */ = {isa = PBXBuildFile; fileRef = FFD1CFEF2A214FA60034CDD0 /* SubscriberDelegate.swift */; };
		FFFF72D72A27D47D00D4D5EE /* ErrorView.swift in Sources */ = {isa = PBXBuildFile; fileRef = FFFF72D62A27D47D00D4D5EE /* ErrorView.swift */; };
		FFFF72D92A27FBEA00D4D5EE /* RelayConfig.swift in Sources */ = {isa = PBXBuildFile; fileRef = FFFF72D82A27FBEA00D4D5EE /* RelayConfig.swift */; };
		FFFF72DB2A280A8000D4D5EE /* RelaySettingsView.swift in Sources */ = {isa = PBXBuildFile; fileRef = FFFF72DA2A280A8000D4D5EE /* RelaySettingsView.swift */; };
		FFFF72DD2A280B6300D4D5EE /* ManifestSettingsView.swift in Sources */ = {isa = PBXBuildFile; fileRef = FFFF72DC2A280B6300D4D5EE /* ManifestSettingsView.swift */; };
/* End PBXBuildFile section */

/* Begin PBXContainerItemProxy section */
		9B85951F29F04521008C813C /* PBXContainerItemProxy */ = {
			isa = PBXContainerItemProxy;
			containerPortal = 9BA27FBA297D7270007013B2 /* Project object */;
			proxyType = 1;
			remoteGlobalIDString = 9BA27FC1297D7270007013B2;
			remoteInfo = Decimus;
		};
/* End PBXContainerItemProxy section */

/* Begin PBXCopyFilesBuildPhase section */
		D7883CA42A2E82A200B88A61 /* Embed Libraries */ = {
			isa = PBXCopyFilesBuildPhase;
			buildActionMask = 2147483647;
			dstPath = "";
			dstSubfolderSpec = 10;
			files = (
				D7883CA32A2E82A200B88A61 /* qmedia.xcframework in Embed Libraries */,
				1849128B2A3B560200773D39 /* clibjitter.xcframework in Embed Libraries */,
			);
			name = "Embed Libraries";
			runOnlyForDeploymentPostprocessing = 0;
		};
/* End PBXCopyFilesBuildPhase section */

/* Begin PBXFileReference section */
		180E74632B0E4F5E0045B9D6 /* VideoHandler.swift */ = {isa = PBXFileReference; lastKnownFileType = sourcecode.swift; path = VideoHandler.swift; sourceTree = "<group>"; };
		18162CEC2AB1C28300A75199 /* TransportConfigSettings.swift */ = {isa = PBXFileReference; fileEncoding = 4; lastKnownFileType = sourcecode.swift; path = TransportConfigSettings.swift; sourceTree = "<group>"; };
		1848B86C2ABAE21B00275F71 /* DecimusAudioEngine.swift */ = {isa = PBXFileReference; lastKnownFileType = sourcecode.swift; path = DecimusAudioEngine.swift; sourceTree = "<group>"; };
		1848B86E2ABAE51A00275F71 /* OSStatusError.swift */ = {isa = PBXFileReference; lastKnownFileType = sourcecode.swift; path = OSStatusError.swift; sourceTree = "<group>"; };
		184912872A3A51FC00773D39 /* OpusSubscription.swift */ = {isa = PBXFileReference; lastKnownFileType = sourcecode.swift; path = OpusSubscription.swift; sourceTree = "<group>"; };
		184912892A3B560200773D39 /* clibjitter.xcframework */ = {isa = PBXFileReference; lastKnownFileType = wrapper.xcframework; name = clibjitter.xcframework; path = dependencies/clibjitter.xcframework; sourceTree = "<group>"; };
		185D628E29BF3C5A0011E634 /* Info.plist */ = {isa = PBXFileReference; lastKnownFileType = text.plist; path = Info.plist; sourceTree = "<group>"; };
		186397A02ADE0B9100FBF877 /* VideoDevices.swift */ = {isa = PBXFileReference; lastKnownFileType = sourcecode.swift; path = VideoDevices.swift; sourceTree = "<group>"; };
		1867950A2AD58E54008F99C6 /* PreviewView.swift */ = {isa = PBXFileReference; lastKnownFileType = sourcecode.swift; path = PreviewView.swift; sourceTree = "<group>"; };
		18821A2A2B10A604009BBA62 /* ProfileSet.h */ = {isa = PBXFileReference; fileEncoding = 4; lastKnownFileType = sourcecode.c.h; path = ProfileSet.h; sourceTree = "<group>"; };
		18865CC62A81356100B9A647 /* SubscriptionSettingsView.swift */ = {isa = PBXFileReference; lastKnownFileType = sourcecode.swift; path = SubscriptionSettingsView.swift; sourceTree = "<group>"; };
		18A108CF2AA60DAB00FDC0A5 /* CpuUsage.swift */ = {isa = PBXFileReference; fileEncoding = 4; lastKnownFileType = sourcecode.swift; path = CpuUsage.swift; sourceTree = "<group>"; };
		18B2F4072AC59582008E3BFD /* TestVideoJitterBuffer.swift */ = {isa = PBXFileReference; fileEncoding = 4; lastKnownFileType = sourcecode.swift; path = TestVideoJitterBuffer.swift; sourceTree = "<group>"; };
		18B2F4092AC5B9C5008E3BFD /* VideoDequeuer.swift */ = {isa = PBXFileReference; lastKnownFileType = sourcecode.swift; path = VideoDequeuer.swift; sourceTree = "<group>"; };
		18BF45692B0B90B3006E8E24 /* CMSampleBuffer+Attachments.swift */ = {isa = PBXFileReference; lastKnownFileType = sourcecode.swift; path = "CMSampleBuffer+Attachments.swift"; sourceTree = "<group>"; };
		18BF456B2B0B939E006E8E24 /* TestCMSampleBuffer+Attachments.swift */ = {isa = PBXFileReference; lastKnownFileType = sourcecode.swift; path = "TestCMSampleBuffer+Attachments.swift"; sourceTree = "<group>"; };
		18BF456D2B0CD632006E8E24 /* VTDecoder.swift */ = {isa = PBXFileReference; fileEncoding = 4; lastKnownFileType = sourcecode.swift; path = VTDecoder.swift; sourceTree = "<group>"; };
		18BF456E2B0CD632006E8E24 /* VTEncoder.swift */ = {isa = PBXFileReference; fileEncoding = 4; lastKnownFileType = sourcecode.swift; path = VTEncoder.swift; sourceTree = "<group>"; };
		18BF456F2B0CD632006E8E24 /* HEVCUtilities.swift */ = {isa = PBXFileReference; fileEncoding = 4; lastKnownFileType = sourcecode.swift; path = HEVCUtilities.swift; sourceTree = "<group>"; };
		18C89A3B2A13D30B005B333B /* MetricsSubmitter.swift */ = {isa = PBXFileReference; lastKnownFileType = sourcecode.swift; path = MetricsSubmitter.swift; sourceTree = "<group>"; };
		18C89A3D2A13D315005B333B /* Measurement.swift */ = {isa = PBXFileReference; lastKnownFileType = sourcecode.swift; path = Measurement.swift; sourceTree = "<group>"; };
		18C89A3F2A13D334005B333B /* InfluxMetricsSubmitter.swift */ = {isa = PBXFileReference; lastKnownFileType = sourcecode.swift; path = InfluxMetricsSubmitter.swift; sourceTree = "<group>"; };
		18C89A412A13EB1E005B333B /* InfluxConfig.swift */ = {isa = PBXFileReference; lastKnownFileType = sourcecode.swift; path = InfluxConfig.swift; sourceTree = "<group>"; };
		18C89A432A13ED24005B333B /* MockSubmitter.swift */ = {isa = PBXFileReference; lastKnownFileType = sourcecode.swift; path = MockSubmitter.swift; sourceTree = "<group>"; };
		18C89A452A14E667005B333B /* AppStorageWrapper.swift */ = {isa = PBXFileReference; lastKnownFileType = sourcecode.swift; path = AppStorageWrapper.swift; sourceTree = "<group>"; };
		18C89A4A2A14EF1F005B333B /* InfluxSettingsView.swift */ = {isa = PBXFileReference; lastKnownFileType = sourcecode.swift; path = InfluxSettingsView.swift; sourceTree = "<group>"; };
		18EC340C2A69CFD6004FE2EE /* VideoView.swift */ = {isa = PBXFileReference; fileEncoding = 4; lastKnownFileType = sourcecode.swift; path = VideoView.swift; sourceTree = "<group>"; };
		18F7C4D52AB1C795005EDB88 /* VideoFrame.swift */ = {isa = PBXFileReference; fileEncoding = 4; lastKnownFileType = sourcecode.swift; path = VideoFrame.swift; sourceTree = "<group>"; };
		18F7C4D72AB1C7AA005EDB88 /* VideoJitterBuffer.swift */ = {isa = PBXFileReference; fileEncoding = 4; lastKnownFileType = sourcecode.swift; path = VideoJitterBuffer.swift; sourceTree = "<group>"; };
		9B0C4E1B2A94BA5D00F6A644 /* WrappedOptional.swift */ = {isa = PBXFileReference; lastKnownFileType = sourcecode.swift; path = WrappedOptional.swift; sourceTree = "<group>"; };
		9B165A1429840B610017079F /* CallController.swift */ = {isa = PBXFileReference; lastKnownFileType = sourcecode.swift; path = CallController.swift; sourceTree = "<group>"; };
		9B480661297EAF170040F5D4 /* InCallView.swift */ = {isa = PBXFileReference; lastKnownFileType = sourcecode.swift; path = InCallView.swift; sourceTree = "<group>"; };
		9B48066D297F19700040F5D4 /* CaptureManager.swift */ = {isa = PBXFileReference; lastKnownFileType = sourcecode.swift; path = CaptureManager.swift; sourceTree = "<group>"; };
		9B48068829829FB90040F5D4 /* VideoParticipant.swift */ = {isa = PBXFileReference; lastKnownFileType = sourcecode.swift; path = VideoParticipant.swift; sourceTree = "<group>"; };
		9B48068B298301FD0040F5D4 /* QMediaTypes.swift */ = {isa = PBXFileReference; lastKnownFileType = sourcecode.swift; path = QMediaTypes.swift; sourceTree = "<group>"; };
		9B7F40012ACB1914003333C3 /* H264Utilities.swift */ = {isa = PBXFileReference; fileEncoding = 4; lastKnownFileType = sourcecode.swift; path = H264Utilities.swift; sourceTree = "<group>"; };
		9B7F40032ACB5808003333C3 /* TestH264Utilities.swift */ = {isa = PBXFileReference; lastKnownFileType = sourcecode.swift; path = TestH264Utilities.swift; sourceTree = "<group>"; };
		9B85951429F03147008C813C /* TestPlan.xctestplan */ = {isa = PBXFileReference; lastKnownFileType = text; path = TestPlan.xctestplan; sourceTree = "<group>"; };
		9B85951B29F04521008C813C /* Tests.xctest */ = {isa = PBXFileReference; explicitFileType = wrapper.cfbundle; includeInIndex = 0; path = Tests.xctest; sourceTree = BUILT_PRODUCTS_DIR; };
		9B87FB612A03B91E00C92DD1 /* SettingsView.swift */ = {isa = PBXFileReference; lastKnownFileType = sourcecode.swift; path = SettingsView.swift; sourceTree = "<group>"; };
		9B9622DB2A7A669A00949234 /* QHelpers.swift */ = {isa = PBXFileReference; lastKnownFileType = sourcecode.swift; path = QHelpers.swift; sourceTree = "<group>"; };
		9B9622DD2A7A6A3A00949234 /* TestQHelpers.swift */ = {isa = PBXFileReference; lastKnownFileType = sourcecode.swift; path = TestQHelpers.swift; sourceTree = "<group>"; };
		9B9BD43C2A464A47008B30C4 /* OpusPublication.swift */ = {isa = PBXFileReference; fileEncoding = 4; lastKnownFileType = sourcecode.swift; path = OpusPublication.swift; sourceTree = "<group>"; };
		9BA27FC2297D7270007013B2 /* Decimus.app */ = {isa = PBXFileReference; explicitFileType = wrapper.application; includeInIndex = 0; path = Decimus.app; sourceTree = BUILT_PRODUCTS_DIR; };
		9BA27FC5297D7270007013B2 /* DecimusApp.swift */ = {isa = PBXFileReference; lastKnownFileType = sourcecode.swift; path = DecimusApp.swift; sourceTree = "<group>"; };
		9BA27FC9297D7271007013B2 /* Assets.xcassets */ = {isa = PBXFileReference; lastKnownFileType = folder.assetcatalog; path = Assets.xcassets; sourceTree = "<group>"; };
		9BA27FCC297D7271007013B2 /* Preview Assets.xcassets */ = {isa = PBXFileReference; lastKnownFileType = folder.assetcatalog; path = "Preview Assets.xcassets"; sourceTree = "<group>"; };
		9BA27FEF297D7352007013B2 /* Decimus.entitlements */ = {isa = PBXFileReference; lastKnownFileType = text.plist.entitlements; path = Decimus.entitlements; sourceTree = "<group>"; };
		9BA27FF4297D787F007013B2 /* ConfigCallView.swift */ = {isa = PBXFileReference; lastKnownFileType = sourcecode.swift; path = ConfigCallView.swift; sourceTree = "<group>"; };
		9BA27FF7297DCF3C007013B2 /* CallSetupView.swift */ = {isa = PBXFileReference; lastKnownFileType = sourcecode.swift; path = CallSetupView.swift; sourceTree = "<group>"; };
		9BA27FFA297DD8D9007013B2 /* CallConfig.swift */ = {isa = PBXFileReference; lastKnownFileType = sourcecode.swift; path = CallConfig.swift; sourceTree = "<group>"; };
		9BAD55BC29B0B77700D9B65F /* ErrorWriter.swift */ = {isa = PBXFileReference; lastKnownFileType = sourcecode.swift; path = ErrorWriter.swift; sourceTree = "<group>"; };
		9BCC0E7F2AB0713000BA97F6 /* TransportConfig.h */ = {isa = PBXFileReference; lastKnownFileType = sourcecode.c.h; path = TransportConfig.h; sourceTree = "<group>"; };
		9BD96EFC2AC2DAA200EC794C /* VideoJitterBufferSettingsView.swift */ = {isa = PBXFileReference; lastKnownFileType = sourcecode.swift; path = VideoJitterBufferSettingsView.swift; sourceTree = "<group>"; };
		9BDD5B172996A86500C01D54 /* LibOpusDecoder.swift */ = {isa = PBXFileReference; lastKnownFileType = sourcecode.swift; path = LibOpusDecoder.swift; sourceTree = "<group>"; };
		9BDD5B19299A395B00C01D54 /* LibOpusEncoder.swift */ = {isa = PBXFileReference; lastKnownFileType = sourcecode.swift; path = LibOpusEncoder.swift; sourceTree = "<group>"; };
		9BEFCC5029BB89F8001A780A /* ci_post_clone.sh */ = {isa = PBXFileReference; lastKnownFileType = text.script.sh; path = ci_post_clone.sh; sourceTree = "<group>"; };
		D78619402A28FC9C00EC0556 /* QDelegatesObjC.h */ = {isa = PBXFileReference; fileEncoding = 4; lastKnownFileType = sourcecode.c.h; path = QDelegatesObjC.h; sourceTree = "<group>"; };
		D78619412A28FC9C00EC0556 /* QMediaDelegates.h */ = {isa = PBXFileReference; fileEncoding = 4; lastKnownFileType = sourcecode.c.h; path = QMediaDelegates.h; sourceTree = "<group>"; };
		D78619422A28FC9C00EC0556 /* QMediaDelegates.mm */ = {isa = PBXFileReference; fileEncoding = 4; lastKnownFileType = sourcecode.cpp.objcpp; path = QMediaDelegates.mm; sourceTree = "<group>"; };
		D78619432A28FC9D00EC0556 /* QControllerGW.h */ = {isa = PBXFileReference; fileEncoding = 4; lastKnownFileType = sourcecode.c.h; path = QControllerGW.h; sourceTree = "<group>"; };
		D78619442A28FC9D00EC0556 /* QControllerGW.mm */ = {isa = PBXFileReference; fileEncoding = 4; lastKnownFileType = sourcecode.cpp.objcpp; path = QControllerGW.mm; sourceTree = "<group>"; };
		D78619452A28FC9D00EC0556 /* QControllerGWObjC.h */ = {isa = PBXFileReference; fileEncoding = 4; lastKnownFileType = sourcecode.c.h; path = QControllerGWObjC.h; sourceTree = "<group>"; };
		D786194A2A28FD9200EC0556 /* Decimus-Bridging-Header.h */ = {isa = PBXFileReference; lastKnownFileType = sourcecode.c.h; path = "Decimus-Bridging-Header.h"; sourceTree = "<group>"; };
		D786194B2A290F1600EC0556 /* qmedia.xcframework */ = {isa = PBXFileReference; lastKnownFileType = wrapper.xcframework; name = qmedia.xcframework; path = dependencies/qmedia.xcframework; sourceTree = "<group>"; };
		D7D156362AD73DE600B4E4F2 /* ExtBufferAllocator.h */ = {isa = PBXFileReference; fileEncoding = 4; lastKnownFileType = sourcecode.c.h; path = ExtBufferAllocator.h; sourceTree = "<group>"; };
		D7D156372AD73DE600B4E4F2 /* EncodedFrameBufferAllocator.h */ = {isa = PBXFileReference; fileEncoding = 4; lastKnownFileType = sourcecode.c.h; path = EncodedFrameBufferAllocator.h; sourceTree = "<group>"; };
		D7D156382AD73DE600B4E4F2 /* EncodedFrameBufferAllocator.mm */ = {isa = PBXFileReference; fileEncoding = 4; lastKnownFileType = sourcecode.cpp.objcpp; path = EncodedFrameBufferAllocator.mm; sourceTree = "<group>"; };
		FF01709529C10013000E23A6 /* FormInput.swift */ = {isa = PBXFileReference; lastKnownFileType = sourcecode.swift; path = FormInput.swift; sourceTree = "<group>"; };
		FF1C5C2A29DD110600887833 /* CallControls.swift */ = {isa = PBXFileReference; fileEncoding = 4; lastKnownFileType = sourcecode.swift; path = CallControls.swift; sourceTree = "<group>"; };
		FF1C5C2B29DD110600887833 /* LeaveModal.swift */ = {isa = PBXFileReference; fileEncoding = 4; lastKnownFileType = sourcecode.swift; path = LeaveModal.swift; sourceTree = "<group>"; };
		FF1C5C2C29DD110600887833 /* VideoGrid.swift */ = {isa = PBXFileReference; fileEncoding = 4; lastKnownFileType = sourcecode.swift; path = VideoGrid.swift; sourceTree = "<group>"; };
		FF2498AF2A534E8E00C6D66D /* H264Publication.swift */ = {isa = PBXFileReference; lastKnownFileType = sourcecode.swift; path = H264Publication.swift; sourceTree = "<group>"; };
		FF2498B12A53575D00C6D66D /* PublicationFactory.swift */ = {isa = PBXFileReference; lastKnownFileType = sourcecode.swift; path = PublicationFactory.swift; sourceTree = "<group>"; };
		FF2498B32A55E8CC00C6D66D /* SubscriptionFactory.swift */ = {isa = PBXFileReference; lastKnownFileType = sourcecode.swift; path = SubscriptionFactory.swift; sourceTree = "<group>"; };
		FF2498B62A55E95E00C6D66D /* VideoSubscription.swift */ = {isa = PBXFileReference; lastKnownFileType = sourcecode.swift; path = VideoSubscription.swift; sourceTree = "<group>"; };
		FF3333FF2AA77D8B00DDE4AD /* ManifestTypes.swift */ = {isa = PBXFileReference; lastKnownFileType = sourcecode.swift; path = ManifestTypes.swift; sourceTree = "<group>"; };
		FF3B952A2A60C1EF00CE463F /* QJitterBuffer.h */ = {isa = PBXFileReference; lastKnownFileType = sourcecode.c.h; path = QJitterBuffer.h; sourceTree = "<group>"; };
		FF3B952B2A60C1EF00CE463F /* QJitterBuffer.mm */ = {isa = PBXFileReference; lastKnownFileType = sourcecode.cpp.objcpp; path = QJitterBuffer.mm; sourceTree = "<group>"; };
		FF4DA06C29FAEF4F00A01E5D /* ViewExtensions.swift */ = {isa = PBXFileReference; lastKnownFileType = sourcecode.swift; path = ViewExtensions.swift; sourceTree = "<group>"; };
		FF6C80A82A16DB850094751E /* Publication.swift */ = {isa = PBXFileReference; lastKnownFileType = sourcecode.swift; path = Publication.swift; sourceTree = "<group>"; };
		FF6C80AA2A17E8980094751E /* SubscriptionError.swift */ = {isa = PBXFileReference; lastKnownFileType = sourcecode.swift; path = SubscriptionError.swift; sourceTree = "<group>"; };
		FF6D6D2F2A00410400B535DA /* fonts */ = {isa = PBXFileReference; lastKnownFileType = folder; name = fonts; path = "dependencies/momentum-ui/core/fonts"; sourceTree = "<group>"; };
		FF6D6D322A00410A00B535DA /* CiscoSansTTHeavy.woff */ = {isa = PBXFileReference; lastKnownFileType = file; path = CiscoSansTTHeavy.woff; sourceTree = "<group>"; };
		FF6D6D332A00410A00B535DA /* CiscoSansTTCondBold.woff */ = {isa = PBXFileReference; lastKnownFileType = file; path = CiscoSansTTCondBold.woff; sourceTree = "<group>"; };
		FF6D6D342A00410A00B535DA /* CiscoSansTTExtraLight.woff */ = {isa = PBXFileReference; lastKnownFileType = file; path = CiscoSansTTExtraLight.woff; sourceTree = "<group>"; };
		FF6D6D352A00410A00B535DA /* CiscoSansTTExtraLightOblique.woff */ = {isa = PBXFileReference; lastKnownFileType = file; path = CiscoSansTTExtraLightOblique.woff; sourceTree = "<group>"; };
		FF6D6D362A00410A00B535DA /* CiscoSansTTCondRegular.woff */ = {isa = PBXFileReference; lastKnownFileType = file; path = CiscoSansTTCondRegular.woff; sourceTree = "<group>"; };
		FF6D6D372A00410A00B535DA /* CiscoSansTTLight.woff */ = {isa = PBXFileReference; lastKnownFileType = file; path = CiscoSansTTLight.woff; sourceTree = "<group>"; };
		FF6D6D382A00410A00B535DA /* CiscoSansTTLight.woff2 */ = {isa = PBXFileReference; lastKnownFileType = file; path = CiscoSansTTLight.woff2; sourceTree = "<group>"; };
		FF6D6D392A00410A00B535DA /* CiscoSansTTExtraLight.woff2 */ = {isa = PBXFileReference; lastKnownFileType = file; path = CiscoSansTTExtraLight.woff2; sourceTree = "<group>"; };
		FF6D6D3A2A00410A00B535DA /* CiscoSansTTCondRegular.woff2 */ = {isa = PBXFileReference; lastKnownFileType = file; path = CiscoSansTTCondRegular.woff2; sourceTree = "<group>"; };
		FF6D6D3B2A00410A00B535DA /* CiscoSansTTBoldOblique.woff2 */ = {isa = PBXFileReference; lastKnownFileType = file; path = CiscoSansTTBoldOblique.woff2; sourceTree = "<group>"; };
		FF6D6D3C2A00410A00B535DA /* CiscoSansTTThin.woff2 */ = {isa = PBXFileReference; lastKnownFileType = file; path = CiscoSansTTThin.woff2; sourceTree = "<group>"; };
		FF6D6D3D2A00410A00B535DA /* CiscoSansTTRegular.woff */ = {isa = PBXFileReference; lastKnownFileType = file; path = CiscoSansTTRegular.woff; sourceTree = "<group>"; };
		FF6D6D3E2A00410A00B535DA /* CiscoSansTTHeavyOblique.woff */ = {isa = PBXFileReference; lastKnownFileType = file; path = CiscoSansTTHeavyOblique.woff; sourceTree = "<group>"; };
		FF6D6D3F2A00410A00B535DA /* CiscoSansTTThinOblique.woff2 */ = {isa = PBXFileReference; lastKnownFileType = file; path = CiscoSansTTThinOblique.woff2; sourceTree = "<group>"; };
		FF6D6D402A00410A00B535DA /* CiscoSansTTBold.woff2 */ = {isa = PBXFileReference; lastKnownFileType = file; path = CiscoSansTTBold.woff2; sourceTree = "<group>"; };
		FF6D6D412A00410A00B535DA /* CiscoSansTT-Medium.woff */ = {isa = PBXFileReference; lastKnownFileType = file; path = "CiscoSansTT-Medium.woff"; sourceTree = "<group>"; };
		FF6D6D422A00410A00B535DA /* CiscoSansTTThin.woff */ = {isa = PBXFileReference; lastKnownFileType = file; path = CiscoSansTTThin.woff; sourceTree = "<group>"; };
		FF6D6D432A00410A00B535DA /* CiscoSansTTCondBold.woff2 */ = {isa = PBXFileReference; lastKnownFileType = file; path = CiscoSansTTCondBold.woff2; sourceTree = "<group>"; };
		FF6D6D442A00410A00B535DA /* CiscoSansTT-MediumOblique.woff */ = {isa = PBXFileReference; lastKnownFileType = file; path = "CiscoSansTT-MediumOblique.woff"; sourceTree = "<group>"; };
		FF6D6D452A00410A00B535DA /* CiscoSansTTRegular.woff2 */ = {isa = PBXFileReference; lastKnownFileType = file; path = CiscoSansTTRegular.woff2; sourceTree = "<group>"; };
		FF6D6D462A00410A00B535DA /* CiscoSansTTHeavy.woff2 */ = {isa = PBXFileReference; lastKnownFileType = file; path = CiscoSansTTHeavy.woff2; sourceTree = "<group>"; };
		FF6D6D472A00410A00B535DA /* CiscoSansTTLightOblique.woff2 */ = {isa = PBXFileReference; lastKnownFileType = file; path = CiscoSansTTLightOblique.woff2; sourceTree = "<group>"; };
		FF6D6D482A00410A00B535DA /* CiscoSansTTBoldOblique.woff */ = {isa = PBXFileReference; lastKnownFileType = file; path = CiscoSansTTBoldOblique.woff; sourceTree = "<group>"; };
		FF6D6D492A00410A00B535DA /* CiscoSansTT-Medium.woff2 */ = {isa = PBXFileReference; lastKnownFileType = file; path = "CiscoSansTT-Medium.woff2"; sourceTree = "<group>"; };
		FF6D6D4A2A00410A00B535DA /* CiscoSansTTBold.woff */ = {isa = PBXFileReference; lastKnownFileType = file; path = CiscoSansTTBold.woff; sourceTree = "<group>"; };
		FF6D6D4B2A00410A00B535DA /* CiscoSansTTHeavyOblique.woff2 */ = {isa = PBXFileReference; lastKnownFileType = file; path = CiscoSansTTHeavyOblique.woff2; sourceTree = "<group>"; };
		FF6D6D4C2A00410A00B535DA /* CiscoSansTTRegularOblique.woff2 */ = {isa = PBXFileReference; lastKnownFileType = file; path = CiscoSansTTRegularOblique.woff2; sourceTree = "<group>"; };
		FF6D6D4D2A00410A00B535DA /* CiscoSansTTThinOblique.woff */ = {isa = PBXFileReference; lastKnownFileType = file; path = CiscoSansTTThinOblique.woff; sourceTree = "<group>"; };
		FF6D6D4E2A00410A00B535DA /* CiscoSansTTRegularOblique.woff */ = {isa = PBXFileReference; lastKnownFileType = file; path = CiscoSansTTRegularOblique.woff; sourceTree = "<group>"; };
		FF6D6D4F2A00410A00B535DA /* CiscoSansTTLightOblique.woff */ = {isa = PBXFileReference; lastKnownFileType = file; path = CiscoSansTTLightOblique.woff; sourceTree = "<group>"; };
		FF6D6D502A00410A00B535DA /* CiscoSansTTExtraLightOblique.woff2 */ = {isa = PBXFileReference; lastKnownFileType = file; path = CiscoSansTTExtraLightOblique.woff2; sourceTree = "<group>"; };
		FF6D6D512A00410A00B535DA /* CiscoSansTT-MediumOblique.woff2 */ = {isa = PBXFileReference; lastKnownFileType = file; path = "CiscoSansTT-MediumOblique.woff2"; sourceTree = "<group>"; };
		FF6D6D742A01CCAE00B535DA /* ManifestController.swift */ = {isa = PBXFileReference; lastKnownFileType = sourcecode.swift; path = ManifestController.swift; sourceTree = "<group>"; };
		FF6D6D782A0422CE00B535DA /* CodecFactory.swift */ = {isa = PBXFileReference; lastKnownFileType = sourcecode.swift; path = CodecFactory.swift; sourceTree = "<group>"; };
		FFB8CBE429C148B70093C623 /* ActionPicker.swift */ = {isa = PBXFileReference; lastKnownFileType = sourcecode.swift; path = ActionPicker.swift; sourceTree = "<group>"; };
		FFBB04412A2923580038A1E5 /* Info.plist */ = {isa = PBXFileReference; lastKnownFileType = text.plist.xml; path = Info.plist; sourceTree = "<group>"; };
		FFBB04422A29235D0038A1E5 /* Info.plist */ = {isa = PBXFileReference; lastKnownFileType = text.plist.xml; name = Info.plist; path = Decimus/Info.plist; sourceTree = SOURCE_ROOT; };
		FFBF2FB629BFE48100D769CF /* ActionButton.swift */ = {isa = PBXFileReference; lastKnownFileType = sourcecode.swift; path = ActionButton.swift; sourceTree = "<group>"; };
		FFD1CFED2A2131250034CDD0 /* PublisherDelegate.swift */ = {isa = PBXFileReference; lastKnownFileType = sourcecode.swift; path = PublisherDelegate.swift; sourceTree = "<group>"; };
		FFD1CFEF2A214FA60034CDD0 /* SubscriberDelegate.swift */ = {isa = PBXFileReference; lastKnownFileType = sourcecode.swift; path = SubscriberDelegate.swift; sourceTree = "<group>"; };
		FFFF72D62A27D47D00D4D5EE /* ErrorView.swift */ = {isa = PBXFileReference; lastKnownFileType = sourcecode.swift; path = ErrorView.swift; sourceTree = "<group>"; };
		FFFF72D82A27FBEA00D4D5EE /* RelayConfig.swift */ = {isa = PBXFileReference; lastKnownFileType = sourcecode.swift; path = RelayConfig.swift; sourceTree = "<group>"; };
		FFFF72DA2A280A8000D4D5EE /* RelaySettingsView.swift */ = {isa = PBXFileReference; lastKnownFileType = sourcecode.swift; path = RelaySettingsView.swift; sourceTree = "<group>"; };
		FFFF72DC2A280B6300D4D5EE /* ManifestSettingsView.swift */ = {isa = PBXFileReference; lastKnownFileType = sourcecode.swift; path = ManifestSettingsView.swift; sourceTree = "<group>"; };
/* End PBXFileReference section */

/* Begin PBXFrameworksBuildPhase section */
		9B85951829F04521008C813C /* Frameworks */ = {
			isa = PBXFrameworksBuildPhase;
			buildActionMask = 2147483647;
			files = (
			);
			runOnlyForDeploymentPostprocessing = 0;
		};
		9BA27FBF297D7270007013B2 /* Frameworks */ = {
			isa = PBXFrameworksBuildPhase;
			buildActionMask = 2147483647;
			files = (
				18C89A3A2A13D1E4005B333B /* InfluxDBSwift in Frameworks */,
				9BDD5B13299697DE00C01D54 /* DequeModule in Frameworks */,
				D7883CA22A2E82A200B88A61 /* qmedia.xcframework in Frameworks */,
				18BF45782B0E0F3D006E8E24 /* TPCircularBuffer in Frameworks */,
				FFA0E8502A6F25A20027603B /* WrappingHStack in Frameworks */,
				188ABB562A792E9C00B31A6E /* Opus in Frameworks */,
				18F7C4DA2AB1C7BD005EDB88 /* OrderedCollections in Frameworks */,
				1849128A2A3B560200773D39 /* clibjitter.xcframework in Frameworks */,
			);
			runOnlyForDeploymentPostprocessing = 0;
		};
/* End PBXFrameworksBuildPhase section */

/* Begin PBXGroup section */
		18C89A372A13D14A005B333B /* Metrics */ = {
			isa = PBXGroup;
			children = (
				18C89A3B2A13D30B005B333B /* MetricsSubmitter.swift */,
				18C89A3D2A13D315005B333B /* Measurement.swift */,
				18C89A3F2A13D334005B333B /* InfluxMetricsSubmitter.swift */,
				18C89A432A13ED24005B333B /* MockSubmitter.swift */,
			);
			path = Metrics;
			sourceTree = "<group>";
		};
		18C89A472A14EF02005B333B /* Settings */ = {
			isa = PBXGroup;
			children = (
				18162CEC2AB1C28300A75199 /* TransportConfigSettings.swift */,
				18C89A452A14E667005B333B /* AppStorageWrapper.swift */,
				9B87FB612A03B91E00C92DD1 /* SettingsView.swift */,
				18C89A4A2A14EF1F005B333B /* InfluxSettingsView.swift */,
				FFFF72DA2A280A8000D4D5EE /* RelaySettingsView.swift */,
				FFFF72DC2A280B6300D4D5EE /* ManifestSettingsView.swift */,
				18865CC62A81356100B9A647 /* SubscriptionSettingsView.swift */,
				9BD96EFC2AC2DAA200EC794C /* VideoJitterBufferSettingsView.swift */,
			);
			path = Settings;
			sourceTree = "<group>";
		};
		9B48067F298016FD0040F5D4 /* Codec */ = {
			isa = PBXGroup;
			children = (
				18BF456F2B0CD632006E8E24 /* HEVCUtilities.swift */,
				18BF456D2B0CD632006E8E24 /* VTDecoder.swift */,
				18BF456E2B0CD632006E8E24 /* VTEncoder.swift */,
				9B7F40012ACB1914003333C3 /* H264Utilities.swift */,
				9BDD5B172996A86500C01D54 /* LibOpusDecoder.swift */,
				9BDD5B19299A395B00C01D54 /* LibOpusEncoder.swift */,
				FF6D6D782A0422CE00B535DA /* CodecFactory.swift */,
			);
			path = Codec;
			sourceTree = "<group>";
		};
		9B48068A298301ED0040F5D4 /* QMedia */ = {
			isa = PBXGroup;
			children = (
				18821A2A2B10A604009BBA62 /* ProfileSet.h */,
				D78619432A28FC9D00EC0556 /* QControllerGW.h */,
				D78619442A28FC9D00EC0556 /* QControllerGW.mm */,
				D78619452A28FC9D00EC0556 /* QControllerGWObjC.h */,
				D78619402A28FC9C00EC0556 /* QDelegatesObjC.h */,
				D78619412A28FC9C00EC0556 /* QMediaDelegates.h */,
				D78619422A28FC9C00EC0556 /* QMediaDelegates.mm */,
				9B48068B298301FD0040F5D4 /* QMediaTypes.swift */,
				9BCC0E7F2AB0713000BA97F6 /* TransportConfig.h */,
			);
			path = QMedia;
			sourceTree = "<group>";
		};
		9B76FFE0298D5566006B5267 /* Frameworks */ = {
			isa = PBXGroup;
			children = (
				184912892A3B560200773D39 /* clibjitter.xcframework */,
				D786194B2A290F1600EC0556 /* qmedia.xcframework */,
			);
			name = Frameworks;
			sourceTree = "<group>";
		};
		9B85951C29F04521008C813C /* Tests */ = {
			isa = PBXGroup;
			children = (
				18B2F4072AC59582008E3BFD /* TestVideoJitterBuffer.swift */,
				9B9622DD2A7A6A3A00949234 /* TestQHelpers.swift */,
				9B7F40032ACB5808003333C3 /* TestH264Utilities.swift */,
				18BF456B2B0B939E006E8E24 /* TestCMSampleBuffer+Attachments.swift */,
			);
			path = Tests;
			sourceTree = "<group>";
		};
		9BA27FB9297D7270007013B2 = {
			isa = PBXGroup;
			children = (
				FF6D6D2F2A00410400B535DA /* fonts */,
				9B85951429F03147008C813C /* TestPlan.xctestplan */,
				9BEFCC4F29BB89D9001A780A /* ci_scripts */,
				9BA27FC4297D7270007013B2 /* Decimus */,
				9B85951C29F04521008C813C /* Tests */,
				9BA27FC3297D7270007013B2 /* Products */,
				9B76FFE0298D5566006B5267 /* Frameworks */,
			);
			sourceTree = "<group>";
		};
		9BA27FC3297D7270007013B2 /* Products */ = {
			isa = PBXGroup;
			children = (
				9BA27FC2297D7270007013B2 /* Decimus.app */,
				9B85951B29F04521008C813C /* Tests.xctest */,
			);
			name = Products;
			sourceTree = "<group>";
		};
		9BA27FC4297D7270007013B2 /* Decimus */ = {
			isa = PBXGroup;
			children = (
				FF3B952D2A60C77B00CE463F /* Lib */,
				18C89A372A13D14A005B333B /* Metrics */,
				185D628E29BF3C5A0011E634 /* Info.plist */,
				9B48067F298016FD0040F5D4 /* Codec */,
				FF2498AE2A534E5B00C6D66D /* Publications */,
				FF2498B52A55E8F800C6D66D /* Subscriptions */,
				9BA27FF9297DD8CA007013B2 /* Models */,
				9BA27FF6297D7D61007013B2 /* Views */,
				FF6D6D312A00410A00B535DA /* fonts */,
				FFBB04422A29235D0038A1E5 /* Info.plist */,
				9BA27FEF297D7352007013B2 /* Decimus.entitlements */,
				9BA27FC9297D7271007013B2 /* Assets.xcassets */,
				9BA27FCB297D7271007013B2 /* Preview Content */,
				9BA27FC5297D7270007013B2 /* DecimusApp.swift */,
				9B165A1429840B610017079F /* CallController.swift */,
				9B48066D297F19700040F5D4 /* CaptureManager.swift */,
				9BAD55BC29B0B77700D9B65F /* ErrorWriter.swift */,
				FF6D6D742A01CCAE00B535DA /* ManifestController.swift */,
				9B9622DB2A7A669A00949234 /* QHelpers.swift */,
				9B0C4E1B2A94BA5D00F6A644 /* WrappedOptional.swift */,
				18A108CF2AA60DAB00FDC0A5 /* CpuUsage.swift */,
				18F7C4D72AB1C7AA005EDB88 /* VideoJitterBuffer.swift */,
				1848B86C2ABAE21B00275F71 /* DecimusAudioEngine.swift */,
				1848B86E2ABAE51A00275F71 /* OSStatusError.swift */,
				18B2F4092AC5B9C5008E3BFD /* VideoDequeuer.swift */,
				186397A02ADE0B9100FBF877 /* VideoDevices.swift */,
				18BF45692B0B90B3006E8E24 /* CMSampleBuffer+Attachments.swift */,
			);
			path = Decimus;
			sourceTree = "<group>";
		};
		9BA27FCB297D7271007013B2 /* Preview Content */ = {
			isa = PBXGroup;
			children = (
				9BA27FCC297D7271007013B2 /* Preview Assets.xcassets */,
			);
			path = "Preview Content";
			sourceTree = "<group>";
		};
		9BA27FF6297D7D61007013B2 /* Views */ = {
			isa = PBXGroup;
			children = (
				18C89A472A14EF02005B333B /* Settings */,
				FFBF2FB529BFE47000D769CF /* Components */,
				9BA27FF4297D787F007013B2 /* ConfigCallView.swift */,
				9B480661297EAF170040F5D4 /* InCallView.swift */,
				9BA27FF7297DCF3C007013B2 /* CallSetupView.swift */,
				FFFF72D62A27D47D00D4D5EE /* ErrorView.swift */,
				18EC340C2A69CFD6004FE2EE /* VideoView.swift */,
			);
			path = Views;
			sourceTree = "<group>";
		};
		9BA27FF9297DD8CA007013B2 /* Models */ = {
			isa = PBXGroup;
			children = (
				18F7C4D52AB1C795005EDB88 /* VideoFrame.swift */,
				9BA27FFA297DD8D9007013B2 /* CallConfig.swift */,
				9B48068829829FB90040F5D4 /* VideoParticipant.swift */,
				18C89A412A13EB1E005B333B /* InfluxConfig.swift */,
				FFFF72D82A27FBEA00D4D5EE /* RelayConfig.swift */,
				FF6C80A82A16DB850094751E /* Publication.swift */,
				FF6C80AA2A17E8980094751E /* SubscriptionError.swift */,
				FFD1CFED2A2131250034CDD0 /* PublisherDelegate.swift */,
				FFD1CFEF2A214FA60034CDD0 /* SubscriberDelegate.swift */,
				FF3333FF2AA77D8B00DDE4AD /* ManifestTypes.swift */,
			);
			path = Models;
			sourceTree = "<group>";
		};
		9BEFCC4F29BB89D9001A780A /* ci_scripts */ = {
			isa = PBXGroup;
			children = (
				9BEFCC5029BB89F8001A780A /* ci_post_clone.sh */,
			);
			path = ci_scripts;
			sourceTree = "<group>";
		};
		D7D156352AD73DE600B4E4F2 /* EncodedBuffer */ = {
			isa = PBXGroup;
			children = (
				D7D156362AD73DE600B4E4F2 /* ExtBufferAllocator.h */,
				D7D156372AD73DE600B4E4F2 /* EncodedFrameBufferAllocator.h */,
				D7D156382AD73DE600B4E4F2 /* EncodedFrameBufferAllocator.mm */,
			);
			path = EncodedBuffer;
			sourceTree = "<group>";
		};
		FF2498AE2A534E5B00C6D66D /* Publications */ = {
			isa = PBXGroup;
			children = (
				9B9BD43C2A464A47008B30C4 /* OpusPublication.swift */,
				FF2498AF2A534E8E00C6D66D /* H264Publication.swift */,
				FF2498B12A53575D00C6D66D /* PublicationFactory.swift */,
			);
			path = Publications;
			sourceTree = "<group>";
		};
		FF2498B52A55E8F800C6D66D /* Subscriptions */ = {
			isa = PBXGroup;
			children = (
				184912872A3A51FC00773D39 /* OpusSubscription.swift */,
				FF2498B62A55E95E00C6D66D /* VideoSubscription.swift */,
				FF2498B32A55E8CC00C6D66D /* SubscriptionFactory.swift */,
				180E74632B0E4F5E0045B9D6 /* VideoHandler.swift */,
			);
			path = Subscriptions;
			sourceTree = "<group>";
		};
		FF3B95292A60C19800CE463F /* Jitter */ = {
			isa = PBXGroup;
			children = (
				FF3B952A2A60C1EF00CE463F /* QJitterBuffer.h */,
				FF3B952B2A60C1EF00CE463F /* QJitterBuffer.mm */,
			);
			path = Jitter;
			sourceTree = "<group>";
		};
		FF3B952D2A60C77B00CE463F /* Lib */ = {
			isa = PBXGroup;
			children = (
				D7D156352AD73DE600B4E4F2 /* EncodedBuffer */,
				D786194A2A28FD9200EC0556 /* Decimus-Bridging-Header.h */,
				9B48068A298301ED0040F5D4 /* QMedia */,
				FF3B95292A60C19800CE463F /* Jitter */,
			);
			path = Lib;
			sourceTree = "<group>";
		};
		FF6D6D312A00410A00B535DA /* fonts */ = {
			isa = PBXGroup;
			children = (
				FFBB04412A2923580038A1E5 /* Info.plist */,
				FF6D6D412A00410A00B535DA /* CiscoSansTT-Medium.woff */,
				FF6D6D492A00410A00B535DA /* CiscoSansTT-Medium.woff2 */,
				FF6D6D442A00410A00B535DA /* CiscoSansTT-MediumOblique.woff */,
				FF6D6D512A00410A00B535DA /* CiscoSansTT-MediumOblique.woff2 */,
				FF6D6D4A2A00410A00B535DA /* CiscoSansTTBold.woff */,
				FF6D6D402A00410A00B535DA /* CiscoSansTTBold.woff2 */,
				FF6D6D482A00410A00B535DA /* CiscoSansTTBoldOblique.woff */,
				FF6D6D3B2A00410A00B535DA /* CiscoSansTTBoldOblique.woff2 */,
				FF6D6D332A00410A00B535DA /* CiscoSansTTCondBold.woff */,
				FF6D6D432A00410A00B535DA /* CiscoSansTTCondBold.woff2 */,
				FF6D6D362A00410A00B535DA /* CiscoSansTTCondRegular.woff */,
				FF6D6D3A2A00410A00B535DA /* CiscoSansTTCondRegular.woff2 */,
				FF6D6D342A00410A00B535DA /* CiscoSansTTExtraLight.woff */,
				FF6D6D392A00410A00B535DA /* CiscoSansTTExtraLight.woff2 */,
				FF6D6D352A00410A00B535DA /* CiscoSansTTExtraLightOblique.woff */,
				FF6D6D502A00410A00B535DA /* CiscoSansTTExtraLightOblique.woff2 */,
				FF6D6D322A00410A00B535DA /* CiscoSansTTHeavy.woff */,
				FF6D6D462A00410A00B535DA /* CiscoSansTTHeavy.woff2 */,
				FF6D6D3E2A00410A00B535DA /* CiscoSansTTHeavyOblique.woff */,
				FF6D6D4B2A00410A00B535DA /* CiscoSansTTHeavyOblique.woff2 */,
				FF6D6D372A00410A00B535DA /* CiscoSansTTLight.woff */,
				FF6D6D382A00410A00B535DA /* CiscoSansTTLight.woff2 */,
				FF6D6D4F2A00410A00B535DA /* CiscoSansTTLightOblique.woff */,
				FF6D6D472A00410A00B535DA /* CiscoSansTTLightOblique.woff2 */,
				FF6D6D3D2A00410A00B535DA /* CiscoSansTTRegular.woff */,
				FF6D6D452A00410A00B535DA /* CiscoSansTTRegular.woff2 */,
				FF6D6D4E2A00410A00B535DA /* CiscoSansTTRegularOblique.woff */,
				FF6D6D4C2A00410A00B535DA /* CiscoSansTTRegularOblique.woff2 */,
				FF6D6D422A00410A00B535DA /* CiscoSansTTThin.woff */,
				FF6D6D3C2A00410A00B535DA /* CiscoSansTTThin.woff2 */,
				FF6D6D4D2A00410A00B535DA /* CiscoSansTTThinOblique.woff */,
				FF6D6D3F2A00410A00B535DA /* CiscoSansTTThinOblique.woff2 */,
			);
			name = fonts;
			path = "dependencies/momentum-ui/core/fonts";
			sourceTree = SOURCE_ROOT;
		};
		FFBF2FB529BFE47000D769CF /* Components */ = {
			isa = PBXGroup;
			children = (
				FF1C5C2A29DD110600887833 /* CallControls.swift */,
				FF1C5C2B29DD110600887833 /* LeaveModal.swift */,
				FF1C5C2C29DD110600887833 /* VideoGrid.swift */,
				FFBF2FB629BFE48100D769CF /* ActionButton.swift */,
				FF01709529C10013000E23A6 /* FormInput.swift */,
				FFB8CBE429C148B70093C623 /* ActionPicker.swift */,
				FF4DA06C29FAEF4F00A01E5D /* ViewExtensions.swift */,
				1867950A2AD58E54008F99C6 /* PreviewView.swift */,
			);
			path = Components;
			sourceTree = "<group>";
		};
/* End PBXGroup section */

/* Begin PBXNativeTarget section */
		9B85951A29F04521008C813C /* Tests */ = {
			isa = PBXNativeTarget;
			buildConfigurationList = 9B85952129F04522008C813C /* Build configuration list for PBXNativeTarget "Tests" */;
			buildPhases = (
				9B85951729F04521008C813C /* Sources */,
				9B85951829F04521008C813C /* Frameworks */,
				9B85951929F04521008C813C /* Resources */,
			);
			buildRules = (
			);
			dependencies = (
				9B85952029F04521008C813C /* PBXTargetDependency */,
			);
			name = Tests;
			productName = Tests;
			productReference = 9B85951B29F04521008C813C /* Tests.xctest */;
			productType = "com.apple.product-type.bundle.unit-test";
		};
		9BA27FC1297D7270007013B2 /* Decimus */ = {
			isa = PBXNativeTarget;
			buildConfigurationList = 9BA27FE6297D7271007013B2 /* Build configuration list for PBXNativeTarget "Decimus" */;
			buildPhases = (
				9B76FFD9298D4836006B5267 /* Build QMedia */,
				9BA27FBE297D7270007013B2 /* Sources */,
				9BA27FBF297D7270007013B2 /* Frameworks */,
				9BA27FC0297D7270007013B2 /* Resources */,
				D7883CA42A2E82A200B88A61 /* Embed Libraries */,
			);
			buildRules = (
			);
			dependencies = (
			);
			name = Decimus;
			packageProductDependencies = (
				9BDD5B12299697DE00C01D54 /* DequeModule */,
				18C89A392A13D1E4005B333B /* InfluxDBSwift */,
				FFA0E84F2A6F25A20027603B /* WrappingHStack */,
				188ABB552A792E9C00B31A6E /* Opus */,
				18F7C4D92AB1C7BD005EDB88 /* OrderedCollections */,
				18BF45772B0E0F3D006E8E24 /* TPCircularBuffer */,
			);
			productName = Decimus;
			productReference = 9BA27FC2297D7270007013B2 /* Decimus.app */;
			productType = "com.apple.product-type.application";
		};
/* End PBXNativeTarget section */

/* Begin PBXProject section */
		9BA27FBA297D7270007013B2 /* Project object */ = {
			isa = PBXProject;
			attributes = {
				BuildIndependentTargetsInParallel = 1;
				LastSwiftUpdateCheck = 1410;
				LastUpgradeCheck = 1410;
				TargetAttributes = {
					9B85951A29F04521008C813C = {
						CreatedOnToolsVersion = 14.1;
						TestTargetID = 9BA27FC1297D7270007013B2;
					};
					9BA27FC1297D7270007013B2 = {
						CreatedOnToolsVersion = 14.1;
						LastSwiftMigration = 1410;
					};
				};
			};
			buildConfigurationList = 9BA27FBD297D7270007013B2 /* Build configuration list for PBXProject "Decimus" */;
			compatibilityVersion = "Xcode 14.0";
			developmentRegion = en;
			hasScannedForEncodings = 0;
			knownRegions = (
				en,
				Base,
			);
			mainGroup = 9BA27FB9297D7270007013B2;
			packageReferences = (
				9B165A1F298807A40017079F /* XCRemoteSwiftPackageReference "SwiftLint" */,
				9BDD5B11299697DE00C01D54 /* XCRemoteSwiftPackageReference "swift-collections" */,
				18C89A382A13D1E4005B333B /* XCRemoteSwiftPackageReference "influxdb-client-swift" */,
				FFA0E84E2A6F25A20027603B /* XCRemoteSwiftPackageReference "WrappingHStack" */,
				188ABB542A792E9C00B31A6E /* XCRemoteSwiftPackageReference "swift-opus" */,
				18BF45762B0E0F3D006E8E24 /* XCRemoteSwiftPackageReference "TPCircularBuffer" */,
			);
			productRefGroup = 9BA27FC3297D7270007013B2 /* Products */;
			projectDirPath = "";
			projectRoot = "";
			targets = (
				9BA27FC1297D7270007013B2 /* Decimus */,
				9B85951A29F04521008C813C /* Tests */,
			);
		};
/* End PBXProject section */

/* Begin PBXResourcesBuildPhase section */
		9B85951929F04521008C813C /* Resources */ = {
			isa = PBXResourcesBuildPhase;
			buildActionMask = 2147483647;
			files = (
			);
			runOnlyForDeploymentPostprocessing = 0;
		};
		9BA27FC0297D7270007013B2 /* Resources */ = {
			isa = PBXResourcesBuildPhase;
			buildActionMask = 2147483647;
			files = (
				FF6D6D612A00415300B535DA /* CiscoSansTTBoldOblique.woff2 in Resources */,
				FF6D6D592A00415300B535DA /* CiscoSansTTHeavyOblique.woff2 in Resources */,
				FF6D6D712A00415300B535DA /* CiscoSansTTThin.woff in Resources */,
				FF6D6D632A00415300B535DA /* CiscoSansTTCondRegular.woff2 in Resources */,
				FF6D6D572A00415300B535DA /* CiscoSansTTHeavy.woff2 in Resources */,
				FF6D6D602A00415300B535DA /* CiscoSansTTLight.woff2 in Resources */,
				FF6D6D652A00415300B535DA /* CiscoSansTT-MediumOblique.woff in Resources */,
				FF6D6D5F2A00415300B535DA /* CiscoSansTTHeavy.woff in Resources */,
				FF6D6D682A00415300B535DA /* CiscoSansTTCondRegular.woff in Resources */,
				FF6D6D582A00415300B535DA /* CiscoSansTTLight.woff in Resources */,
				FF6D6D532A00415300B535DA /* CiscoSansTTThinOblique.woff2 in Resources */,
				FF6D6D6A2A00415300B535DA /* CiscoSansTTCondBold.woff2 in Resources */,
				FF6D6D6E2A00415300B535DA /* CiscoSansTTExtraLightOblique.woff2 in Resources */,
				FF6D6D302A00410400B535DA /* fonts in Resources */,
				FF6D6D552A00415300B535DA /* CiscoSansTTRegular.woff in Resources */,
				FF6D6D642A00415300B535DA /* CiscoSansTTHeavyOblique.woff in Resources */,
				FF6D6D5E2A00415300B535DA /* CiscoSansTTLightOblique.woff2 in Resources */,
				FF6D6D6C2A00415300B535DA /* CiscoSansTTBoldOblique.woff in Resources */,
				FF6D6D5D2A00415300B535DA /* CiscoSansTTExtraLight.woff2 in Resources */,
				FF6D6D5C2A00415300B535DA /* CiscoSansTTRegularOblique.woff2 in Resources */,
				FF6D6D542A00415300B535DA /* CiscoSansTT-Medium.woff2 in Resources */,
				FF6D6D692A00415300B535DA /* CiscoSansTTThin.woff2 in Resources */,
				FF6D6D5B2A00415300B535DA /* CiscoSansTTCondBold.woff in Resources */,
				FF6D6D622A00415300B535DA /* CiscoSansTTBold.woff2 in Resources */,
				FF6D6D6D2A00415300B535DA /* CiscoSansTTLightOblique.woff in Resources */,
				FF6D6D662A00415300B535DA /* CiscoSansTTRegular.woff2 in Resources */,
				FF6D6D702A00415300B535DA /* CiscoSansTT-Medium.woff in Resources */,
				FF6D6D562A00415300B535DA /* CiscoSansTTExtraLight.woff in Resources */,
				9BA27FCD297D7271007013B2 /* Preview Assets.xcassets in Resources */,
				FF6D6D672A00415300B535DA /* CiscoSansTTRegularOblique.woff in Resources */,
				FF6D6D522A00415300B535DA /* CiscoSansTT-MediumOblique.woff2 in Resources */,
				9BA27FCA297D7271007013B2 /* Assets.xcassets in Resources */,
				FF6D6D6B2A00415300B535DA /* CiscoSansTTExtraLightOblique.woff in Resources */,
				FF6D6D5A2A00415300B535DA /* CiscoSansTTBold.woff in Resources */,
				FF6D6D6F2A00415300B535DA /* CiscoSansTTThinOblique.woff in Resources */,
			);
			runOnlyForDeploymentPostprocessing = 0;
		};
/* End PBXResourcesBuildPhase section */

/* Begin PBXShellScriptBuildPhase section */
		9B76FFD9298D4836006B5267 /* Build QMedia */ = {
			isa = PBXShellScriptBuildPhase;
			alwaysOutOfDate = 1;
			buildActionMask = 2147483647;
			files = (
			);
			inputFileListPaths = (
			);
			inputPaths = (
			);
			name = "Build QMedia";
			outputFileListPaths = (
			);
			outputPaths = (
				"$(PROJECT_DIR)/dependencies/neo_media_client.framework",
			);
			runOnlyForDeploymentPostprocessing = 0;
			shellPath = /bin/sh;
			shellScript = "$SRCROOT/dependencies/build-qmedia-framework.sh\n";
		};
/* End PBXShellScriptBuildPhase section */

/* Begin PBXSourcesBuildPhase section */
		9B85951729F04521008C813C /* Sources */ = {
			isa = PBXSourcesBuildPhase;
			buildActionMask = 2147483647;
			files = (
				9B9622DE2A7A6A3A00949234 /* TestQHelpers.swift in Sources */,
				18B2F4082AC59582008E3BFD /* TestVideoJitterBuffer.swift in Sources */,
				18BF456C2B0B939E006E8E24 /* TestCMSampleBuffer+Attachments.swift in Sources */,
				9B7F40042ACB5808003333C3 /* TestH264Utilities.swift in Sources */,
			);
			runOnlyForDeploymentPostprocessing = 0;
		};
		9BA27FBE297D7270007013B2 /* Sources */ = {
			isa = PBXSourcesBuildPhase;
			buildActionMask = 2147483647;
			files = (
				FF1C5C2F29DD110600887833 /* VideoGrid.swift in Sources */,
				1848B86F2ABAE51A00275F71 /* OSStatusError.swift in Sources */,
				18BF45722B0CD632006E8E24 /* HEVCUtilities.swift in Sources */,
				1867950B2AD58E54008F99C6 /* PreviewView.swift in Sources */,
				9BA27FC6297D7270007013B2 /* DecimusApp.swift in Sources */,
				9BD96EFD2AC2DAA200EC794C /* VideoJitterBufferSettingsView.swift in Sources */,
				9B9622DC2A7A669A00949234 /* QHelpers.swift in Sources */,
				9B48068C298301FD0040F5D4 /* QMediaTypes.swift in Sources */,
				FFFF72D72A27D47D00D4D5EE /* ErrorView.swift in Sources */,
				184912882A3A51FC00773D39 /* OpusSubscription.swift in Sources */,
				9B87FB622A03B91E00C92DD1 /* SettingsView.swift in Sources */,
				D78619462A28FC9D00EC0556 /* QMediaDelegates.mm in Sources */,
				FF2498B22A53575D00C6D66D /* PublicationFactory.swift in Sources */,
				9BA27FF5297D787F007013B2 /* ConfigCallView.swift in Sources */,
				9B480662297EAF170040F5D4 /* InCallView.swift in Sources */,
				9B7F40022ACB1914003333C3 /* H264Utilities.swift in Sources */,
				18BF45702B0CD632006E8E24 /* VTDecoder.swift in Sources */,
				9BA27FFB297DD8D9007013B2 /* CallConfig.swift in Sources */,
				18F7C4D82AB1C7AA005EDB88 /* VideoJitterBuffer.swift in Sources */,
				18C89A462A14E667005B333B /* AppStorageWrapper.swift in Sources */,
				18865CC72A81356100B9A647 /* SubscriptionSettingsView.swift in Sources */,
				FFBF2FB729BFE48100D769CF /* ActionButton.swift in Sources */,
				18B2F40A2AC5B9C5008E3BFD /* VideoDequeuer.swift in Sources */,
				18162CED2AB1C28300A75199 /* TransportConfigSettings.swift in Sources */,
				FF4DA06D29FAEF4F00A01E5D /* ViewExtensions.swift in Sources */,
				FFFF72D92A27FBEA00D4D5EE /* RelayConfig.swift in Sources */,
				FFFF72DB2A280A8000D4D5EE /* RelaySettingsView.swift in Sources */,
				FF01709629C10013000E23A6 /* FormInput.swift in Sources */,
				FF6D6D792A0422CE00B535DA /* CodecFactory.swift in Sources */,
				9B48068929829FB90040F5D4 /* VideoParticipant.swift in Sources */,
				D78619472A28FC9D00EC0556 /* QControllerGW.mm in Sources */,
				FF3334002AA77D8B00DDE4AD /* ManifestTypes.swift in Sources */,
				FF6D6D752A01CCAE00B535DA /* ManifestController.swift in Sources */,
				9B0C4E1C2A94BA5D00F6A644 /* WrappedOptional.swift in Sources */,
				FF3B952C2A60C1EF00CE463F /* QJitterBuffer.mm in Sources */,
				FF1C5C2D29DD110600887833 /* CallControls.swift in Sources */,
				9BDD5B182996A86500C01D54 /* LibOpusDecoder.swift in Sources */,
				FF6C80AB2A17E8980094751E /* SubscriptionError.swift in Sources */,
				FF6C80A92A16DB850094751E /* Publication.swift in Sources */,
				18BF456A2B0B90B3006E8E24 /* CMSampleBuffer+Attachments.swift in Sources */,
				FF2498B42A55E8CC00C6D66D /* SubscriptionFactory.swift in Sources */,
				186397A12ADE0B9100FBF877 /* VideoDevices.swift in Sources */,
				18C89A3C2A13D30B005B333B /* MetricsSubmitter.swift in Sources */,
				FFD1CFF02A214FA60034CDD0 /* SubscriberDelegate.swift in Sources */,
				FFD1CFEE2A2131250034CDD0 /* PublisherDelegate.swift in Sources */,
				1848B86D2ABAE21B00275F71 /* DecimusAudioEngine.swift in Sources */,
				18A108D02AA60DAB00FDC0A5 /* CpuUsage.swift in Sources */,
				FFB8CBE529C148B70093C623 /* ActionPicker.swift in Sources */,
				D7D156392AD73DE600B4E4F2 /* EncodedFrameBufferAllocator.mm in Sources */,
				18EC340D2A69CFD6004FE2EE /* VideoView.swift in Sources */,
				FF2498B02A534E8E00C6D66D /* H264Publication.swift in Sources */,
				9BAD55BD29B0B77700D9B65F /* ErrorWriter.swift in Sources */,
				18C89A402A13D334005B333B /* InfluxMetricsSubmitter.swift in Sources */,
				9B48066E297F19700040F5D4 /* CaptureManager.swift in Sources */,
				9B9BD43D2A464A47008B30C4 /* OpusPublication.swift in Sources */,
				18C89A422A13EB1E005B333B /* InfluxConfig.swift in Sources */,
				9BA27FF8297DCF3C007013B2 /* CallSetupView.swift in Sources */,
				18C89A3E2A13D315005B333B /* Measurement.swift in Sources */,
				18F7C4D62AB1C795005EDB88 /* VideoFrame.swift in Sources */,
				9B165A1529840B610017079F /* CallController.swift in Sources */,
				FF2498B72A55E95E00C6D66D /* VideoSubscription.swift in Sources */,
				18C89A442A13ED24005B333B /* MockSubmitter.swift in Sources */,
				FF1C5C2E29DD110600887833 /* LeaveModal.swift in Sources */,
				FFFF72DD2A280B6300D4D5EE /* ManifestSettingsView.swift in Sources */,
				18C89A4B2A14EF1F005B333B /* InfluxSettingsView.swift in Sources */,
				18BF45712B0CD632006E8E24 /* VTEncoder.swift in Sources */,
				180E74642B0E4F5E0045B9D6 /* VideoHandler.swift in Sources */,
				9BDD5B1A299A395B00C01D54 /* LibOpusEncoder.swift in Sources */,
			);
			runOnlyForDeploymentPostprocessing = 0;
		};
/* End PBXSourcesBuildPhase section */

/* Begin PBXTargetDependency section */
		9B85952029F04521008C813C /* PBXTargetDependency */ = {
			isa = PBXTargetDependency;
			target = 9BA27FC1297D7270007013B2 /* Decimus */;
			targetProxy = 9B85951F29F04521008C813C /* PBXContainerItemProxy */;
		};
/* End PBXTargetDependency section */

/* Begin XCBuildConfiguration section */
		9B85952229F04522008C813C /* Debug */ = {
			isa = XCBuildConfiguration;
			buildSettings = {
				BUNDLE_LOADER = "$(TEST_HOST)";
				"CODE_SIGN_IDENTITY[sdk=macosx*]" = "Apple Development";
				CODE_SIGN_STYLE = Automatic;
				CURRENT_PROJECT_VERSION = 1;
				DEVELOPMENT_TEAM = "";
				GENERATE_INFOPLIST_FILE = YES;
				IPHONEOS_DEPLOYMENT_TARGET = 16.1;
				MACOSX_DEPLOYMENT_TARGET = 10.15;
				MARKETING_VERSION = 1.0;
				PRODUCT_BUNDLE_IDENTIFIER = com.cisco.quicr.decimus.Tests;
				PRODUCT_NAME = "$(TARGET_NAME)";
				SUPPORTED_PLATFORMS = "iphoneos iphonesimulator";
				SUPPORTS_MACCATALYST = YES;
				SUPPORTS_MAC_DESIGNED_FOR_IPHONE_IPAD = YES;
				SWIFT_EMIT_LOC_STRINGS = NO;
				SWIFT_VERSION = 5.0;
				TARGETED_DEVICE_FAMILY = "1,2";
				TEST_HOST = "$(BUILT_PRODUCTS_DIR)/Decimus.app/$(BUNDLE_EXECUTABLE_FOLDER_PATH)/Decimus";
			};
			name = Debug;
		};
		9B85952329F04522008C813C /* Release */ = {
			isa = XCBuildConfiguration;
			buildSettings = {
				BUNDLE_LOADER = "$(TEST_HOST)";
				"CODE_SIGN_IDENTITY[sdk=macosx*]" = "Apple Development";
				CODE_SIGN_STYLE = Automatic;
				CURRENT_PROJECT_VERSION = 1;
				DEVELOPMENT_TEAM = "";
				GENERATE_INFOPLIST_FILE = YES;
				IPHONEOS_DEPLOYMENT_TARGET = 16.1;
				MACOSX_DEPLOYMENT_TARGET = 10.15;
				MARKETING_VERSION = 1.0;
				PRODUCT_BUNDLE_IDENTIFIER = com.cisco.quicr.decimus.Tests;
				PRODUCT_NAME = "$(TARGET_NAME)";
				SUPPORTED_PLATFORMS = "iphoneos iphonesimulator";
				SUPPORTS_MACCATALYST = YES;
				SUPPORTS_MAC_DESIGNED_FOR_IPHONE_IPAD = YES;
				SWIFT_EMIT_LOC_STRINGS = NO;
				SWIFT_VERSION = 5.0;
				TARGETED_DEVICE_FAMILY = "1,2";
				TEST_HOST = "$(BUILT_PRODUCTS_DIR)/Decimus.app/$(BUNDLE_EXECUTABLE_FOLDER_PATH)/Decimus";
			};
			name = Release;
		};
		9BA27FE4297D7271007013B2 /* Debug */ = {
			isa = XCBuildConfiguration;
			buildSettings = {
				ALWAYS_SEARCH_USER_PATHS = NO;
				ARCHS = "$(ARCHS_STANDARD)";
				CLANG_ANALYZER_NONNULL = YES;
				CLANG_ANALYZER_NUMBER_OBJECT_CONVERSION = YES_AGGRESSIVE;
				CLANG_CXX_LANGUAGE_STANDARD = "gnu++20";
				CLANG_ENABLE_MODULES = YES;
				CLANG_ENABLE_OBJC_ARC = YES;
				CLANG_ENABLE_OBJC_WEAK = YES;
				CLANG_WARN_BLOCK_CAPTURE_AUTORELEASING = YES;
				CLANG_WARN_BOOL_CONVERSION = YES;
				CLANG_WARN_COMMA = YES;
				CLANG_WARN_CONSTANT_CONVERSION = YES;
				CLANG_WARN_DEPRECATED_OBJC_IMPLEMENTATIONS = YES;
				CLANG_WARN_DIRECT_OBJC_ISA_USAGE = YES_ERROR;
				CLANG_WARN_DOCUMENTATION_COMMENTS = YES;
				CLANG_WARN_EMPTY_BODY = YES;
				CLANG_WARN_ENUM_CONVERSION = YES;
				CLANG_WARN_INFINITE_RECURSION = YES;
				CLANG_WARN_INT_CONVERSION = YES;
				CLANG_WARN_NON_LITERAL_NULL_CONVERSION = YES;
				CLANG_WARN_OBJC_IMPLICIT_RETAIN_SELF = YES;
				CLANG_WARN_OBJC_LITERAL_CONVERSION = YES;
				CLANG_WARN_OBJC_ROOT_CLASS = YES_ERROR;
				CLANG_WARN_QUOTED_INCLUDE_IN_FRAMEWORK_HEADER = YES;
				CLANG_WARN_RANGE_LOOP_ANALYSIS = YES;
				CLANG_WARN_STRICT_PROTOTYPES = YES;
				CLANG_WARN_SUSPICIOUS_MOVE = YES;
				CLANG_WARN_UNGUARDED_AVAILABILITY = YES_AGGRESSIVE;
				CLANG_WARN_UNREACHABLE_CODE = YES;
				CLANG_WARN__DUPLICATE_METHOD_MATCH = YES;
				COPY_PHASE_STRIP = NO;
				DEBUG_INFORMATION_FORMAT = dwarf;
				ENABLE_STRICT_OBJC_MSGSEND = YES;
				ENABLE_TESTABILITY = YES;
				GCC_C_LANGUAGE_STANDARD = gnu11;
				GCC_DYNAMIC_NO_PIC = NO;
				GCC_NO_COMMON_BLOCKS = YES;
				GCC_OPTIMIZATION_LEVEL = 0;
				GCC_PREPROCESSOR_DEFINITIONS = (
					"DEBUG=1",
					"$(inherited)",
				);
				GCC_WARN_64_TO_32_BIT_CONVERSION = YES;
				GCC_WARN_ABOUT_RETURN_TYPE = YES_ERROR;
				GCC_WARN_UNDECLARED_SELECTOR = YES;
				GCC_WARN_UNINITIALIZED_AUTOS = YES_AGGRESSIVE;
				GCC_WARN_UNUSED_FUNCTION = YES;
				GCC_WARN_UNUSED_VARIABLE = YES;
				HEADER_SEARCH_PATHS = (
					"$(inherited)",
					"$(PROJECT_DIR)/dependencies/new-qmedia/dependencies/libquicr/dependencies/transport/include",
					"$(PROJECT_DIR)/dependencies/new-qmedia/dependencies/libquicr/dependencies/qname/**",
					"$(PROJECT_DIR)/dependencies/new-qmedia/dependencies/libquicr/include",
					"$(PROJECT_DIR)/dependencies/new-qmedia/dependencies/numero-uri/**",
					"$(PROJECT_DIR)/dependencies/new-qmedia/dependencies/sframe/**",
					"$(PROJECT_DIR)/dependencies/new-qmedia/include",
					"$(PROJECT_DIR)/dependencies/new-qmedia/src",
					"$(PROJECT_DIR)/dependencies/libjitter/**",
					"$(PROJECT_DIR)/dependencies/build-catalyst-new-qmedia/**",
					"$(PROJECT_DIR)/dependencies/build-catalyst-x86-new-qmedia/**",
					"$(PROJECT_DIR)/dependencies/build-ios-new-qmedia/**",
					"$(PROJECT_DIR)/dependencies/build-iossim-new-qmedia/**",
				);
				IPHONEOS_DEPLOYMENT_TARGET = 15.0;
				MTL_ENABLE_DEBUG_INFO = INCLUDE_SOURCE;
				MTL_FAST_MATH = YES;
				ONLY_ACTIVE_ARCH = YES;
				SDKROOT = iphoneos;
				SWIFT_ACTIVE_COMPILATION_CONDITIONS = DEBUG;
				SWIFT_OPTIMIZATION_LEVEL = "-Onone";
			};
			name = Debug;
		};
		9BA27FE5297D7271007013B2 /* Release */ = {
			isa = XCBuildConfiguration;
			buildSettings = {
				ALWAYS_SEARCH_USER_PATHS = NO;
				ARCHS = "$(ARCHS_STANDARD)";
				CLANG_ANALYZER_NONNULL = YES;
				CLANG_ANALYZER_NUMBER_OBJECT_CONVERSION = YES_AGGRESSIVE;
				CLANG_CXX_LANGUAGE_STANDARD = "gnu++20";
				CLANG_ENABLE_MODULES = YES;
				CLANG_ENABLE_OBJC_ARC = YES;
				CLANG_ENABLE_OBJC_WEAK = YES;
				CLANG_WARN_BLOCK_CAPTURE_AUTORELEASING = YES;
				CLANG_WARN_BOOL_CONVERSION = YES;
				CLANG_WARN_COMMA = YES;
				CLANG_WARN_CONSTANT_CONVERSION = YES;
				CLANG_WARN_DEPRECATED_OBJC_IMPLEMENTATIONS = YES;
				CLANG_WARN_DIRECT_OBJC_ISA_USAGE = YES_ERROR;
				CLANG_WARN_DOCUMENTATION_COMMENTS = YES;
				CLANG_WARN_EMPTY_BODY = YES;
				CLANG_WARN_ENUM_CONVERSION = YES;
				CLANG_WARN_INFINITE_RECURSION = YES;
				CLANG_WARN_INT_CONVERSION = YES;
				CLANG_WARN_NON_LITERAL_NULL_CONVERSION = YES;
				CLANG_WARN_OBJC_IMPLICIT_RETAIN_SELF = YES;
				CLANG_WARN_OBJC_LITERAL_CONVERSION = YES;
				CLANG_WARN_OBJC_ROOT_CLASS = YES_ERROR;
				CLANG_WARN_QUOTED_INCLUDE_IN_FRAMEWORK_HEADER = YES;
				CLANG_WARN_RANGE_LOOP_ANALYSIS = YES;
				CLANG_WARN_STRICT_PROTOTYPES = YES;
				CLANG_WARN_SUSPICIOUS_MOVE = YES;
				CLANG_WARN_UNGUARDED_AVAILABILITY = YES_AGGRESSIVE;
				CLANG_WARN_UNREACHABLE_CODE = YES;
				CLANG_WARN__DUPLICATE_METHOD_MATCH = YES;
				COPY_PHASE_STRIP = NO;
				DEBUG_INFORMATION_FORMAT = "dwarf-with-dsym";
				ENABLE_NS_ASSERTIONS = NO;
				ENABLE_STRICT_OBJC_MSGSEND = YES;
				GCC_C_LANGUAGE_STANDARD = gnu11;
				GCC_NO_COMMON_BLOCKS = YES;
				GCC_WARN_64_TO_32_BIT_CONVERSION = YES;
				GCC_WARN_ABOUT_RETURN_TYPE = YES_ERROR;
				GCC_WARN_UNDECLARED_SELECTOR = YES;
				GCC_WARN_UNINITIALIZED_AUTOS = YES_AGGRESSIVE;
				GCC_WARN_UNUSED_FUNCTION = YES;
				GCC_WARN_UNUSED_VARIABLE = YES;
				IPHONEOS_DEPLOYMENT_TARGET = 15.0;
				MTL_ENABLE_DEBUG_INFO = NO;
				MTL_FAST_MATH = YES;
				ONLY_ACTIVE_ARCH = NO;
				SDKROOT = iphoneos;
				SWIFT_COMPILATION_MODE = wholemodule;
				SWIFT_OPTIMIZATION_LEVEL = "-O";
				VALIDATE_PRODUCT = YES;
			};
			name = Release;
		};
		9BA27FE7297D7271007013B2 /* Debug */ = {
			isa = XCBuildConfiguration;
			buildSettings = {
				ASSETCATALOG_COMPILER_APPICON_NAME = AppIcon;
				ASSETCATALOG_COMPILER_GLOBAL_ACCENT_COLOR_NAME = AccentColor;
				ASSETCATALOG_COMPILER_INCLUDE_ALL_APPICON_ASSETS = NO;
				CLANG_ENABLE_MODULES = YES;
				CODE_SIGN_ENTITLEMENTS = Decimus/Decimus.entitlements;
				"CODE_SIGN_IDENTITY[sdk=macosx*]" = "Apple Development";
				CODE_SIGN_STYLE = Automatic;
				CURRENT_PROJECT_VERSION = 1;
				DEVELOPMENT_ASSET_PATHS = "\"Decimus/Preview Content\"";
				DEVELOPMENT_TEAM = "";
				"ENABLE_HARDENED_RUNTIME[sdk=macosx*]" = YES;
				ENABLE_PREVIEWS = YES;
				FRAMEWORK_SEARCH_PATHS = "";
				GCC_LINK_WITH_DYNAMIC_LIBRARIES = YES;
				GENERATE_INFOPLIST_FILE = YES;
				HEADER_SEARCH_PATHS = (
					"$(inherited)",
					"$(PROJECT_DIR)/dependencies/new-qmedia/dependencies/libquicr/dependencies/transport/include",
					"$(PROJECT_DIR)/dependencies/new-qmedia/dependencies/libquicr/dependencies/qname/**",
					"$(PROJECT_DIR)/dependencies/new-qmedia/dependencies/libquicr/include",
					"$(PROJECT_DIR)/dependencies/new-qmedia/dependencies/numero-uri/**",
					"$(PROJECT_DIR)/dependencies/new-qmedia/dependencies/sframe/**",
					"$(PROJECT_DIR)/dependencies/new-qmedia/include",
					"$(PROJECT_DIR)/dependencies/new-qmedia/src",
					"$(PROJECT_DIR)/dependencies/libjitter/**",
					"$(PROJECT_DIR)/dependencies/build-catalyst-new-qmedia/**",
					"$(PROJECT_DIR)/dependencies/build-catalyst-x86-new-qmedia/**",
					"$(PROJECT_DIR)/dependencies/build-ios-new-qmedia/**",
					"$(PROJECT_DIR)/dependencies/build-iossim-new-qmedia/**",
					"$(PROJECT_DIR)/dependencies/new-qmedia/dependencies/libquicr/dependencies/transport/dependencies/logger/include/**",
				);
				INFOPLIST_FILE = Decimus/Info.plist;
				INFOPLIST_KEY_CFBundleDisplayName = Decimus;
				INFOPLIST_KEY_LSApplicationCategoryType = "public.app-category.business";
				INFOPLIST_KEY_NSCameraUsageDescription = "Decimus needs your camera in order for others to see you in calls";
				INFOPLIST_KEY_NSMicrophoneUsageDescription = "Decimus needs your camera in order for others to see you in calls";
				INFOPLIST_KEY_UIApplicationSceneManifest_Generation = YES;
				INFOPLIST_KEY_UIApplicationSupportsIndirectInputEvents = YES;
				INFOPLIST_KEY_UILaunchScreen_Generation = YES;
				INFOPLIST_KEY_UIStatusBarStyle = "";
				INFOPLIST_KEY_UISupportedInterfaceOrientations_iPad = "UIInterfaceOrientationPortrait UIInterfaceOrientationPortraitUpsideDown UIInterfaceOrientationLandscapeLeft UIInterfaceOrientationLandscapeRight";
				INFOPLIST_KEY_UISupportedInterfaceOrientations_iPhone = "UIInterfaceOrientationPortrait UIInterfaceOrientationLandscapeLeft UIInterfaceOrientationLandscapeRight";
				IPHONEOS_DEPLOYMENT_TARGET = 16.0;
				LD_RUNPATH_SEARCH_PATHS = (
					"$(inherited)",
					"@executable_path/Frameworks",
				);
				LIBRARY_SEARCH_PATHS = (
					"$(inherited)",
					"$(PROJECT_DIR)",
				);
				MACOSX_DEPLOYMENT_TARGET = "$(RECOMMENDED_MACOSX_DEPLOYMENT_TARGET)";
				MARKETING_VERSION = 1.0;
				ONLY_ACTIVE_ARCH = YES;
				OTHER_LDFLAGS = "";
				PRODUCT_BUNDLE_IDENTIFIER = com.cisco.quicr.decimus;
				PRODUCT_NAME = "$(TARGET_NAME)";
				SUPPORTED_PLATFORMS = "iphoneos iphonesimulator";
				SUPPORTS_MACCATALYST = YES;
				SUPPORTS_MAC_DESIGNED_FOR_IPHONE_IPAD = NO;
				SWIFT_EMIT_LOC_STRINGS = YES;
				SWIFT_OBJC_BRIDGING_HEADER = "Decimus/Lib/Decimus-Bridging-Header.h";
				SWIFT_OPTIMIZATION_LEVEL = "-Onone";
				SWIFT_VERSION = 5.0;
				TARGETED_DEVICE_FAMILY = "1,2";
				USE_HEADERMAP = NO;
			};
			name = Debug;
		};
		9BA27FE8297D7271007013B2 /* Release */ = {
			isa = XCBuildConfiguration;
			buildSettings = {
				ASSETCATALOG_COMPILER_APPICON_NAME = AppIcon;
				ASSETCATALOG_COMPILER_GLOBAL_ACCENT_COLOR_NAME = AccentColor;
				ASSETCATALOG_COMPILER_INCLUDE_ALL_APPICON_ASSETS = NO;
				CLANG_ENABLE_MODULES = YES;
				CODE_SIGN_ENTITLEMENTS = Decimus/Decimus.entitlements;
				"CODE_SIGN_IDENTITY[sdk=macosx*]" = "Apple Development";
				CODE_SIGN_STYLE = Automatic;
				CURRENT_PROJECT_VERSION = 1;
				DEVELOPMENT_ASSET_PATHS = "\"Decimus/Preview Content\"";
				DEVELOPMENT_TEAM = "";
				"ENABLE_HARDENED_RUNTIME[sdk=macosx*]" = YES;
				ENABLE_PREVIEWS = YES;
				FRAMEWORK_SEARCH_PATHS = "";
				GCC_LINK_WITH_DYNAMIC_LIBRARIES = YES;
				GENERATE_INFOPLIST_FILE = YES;
				HEADER_SEARCH_PATHS = (
					"$(inherited)",
					"$(PROJECT_DIR)/dependencies/new-qmedia/dependencies/libquicr/dependencies/transport/include",
					"$(PROJECT_DIR)/dependencies/new-qmedia/dependencies/libquicr/dependencies/qname/**",
					"$(PROJECT_DIR)/dependencies/new-qmedia/dependencies/libquicr/include",
					"$(PROJECT_DIR)/dependencies/new-qmedia/dependencies/numero-uri/**",
					"$(PROJECT_DIR)/dependencies/new-qmedia/dependencies/sframe/**",
					"$(PROJECT_DIR)/dependencies/new-qmedia/include",
					"$(PROJECT_DIR)/dependencies/new-qmedia/src",
					"$(PROJECT_DIR)/dependencies/libjitter/**",
					"$(PROJECT_DIR)/dependencies/build-catalyst-new-qmedia/**",
					"$(PROJECT_DIR)/dependencies/build-catalyst-x86-new-qmedia/**",
					"$(PROJECT_DIR)/dependencies/build-ios-new-qmedia/**",
					"$(PROJECT_DIR)/dependencies/build-iossim-new-qmedia/**",
					"$(PROJECT_DIR)/dependencies/new-qmedia/dependencies/libquicr/dependencies/transport/dependencies/logger/include/**",
				);
				INFOPLIST_FILE = Decimus/Info.plist;
				INFOPLIST_KEY_CFBundleDisplayName = Decimus;
				INFOPLIST_KEY_LSApplicationCategoryType = "public.app-category.business";
				INFOPLIST_KEY_NSCameraUsageDescription = "Decimus needs your camera in order for others to see you in calls";
				INFOPLIST_KEY_NSMicrophoneUsageDescription = "Decimus needs your camera in order for others to see you in calls";
				INFOPLIST_KEY_UIApplicationSceneManifest_Generation = YES;
				INFOPLIST_KEY_UIApplicationSupportsIndirectInputEvents = YES;
				INFOPLIST_KEY_UILaunchScreen_Generation = YES;
				INFOPLIST_KEY_UIStatusBarStyle = "";
				INFOPLIST_KEY_UISupportedInterfaceOrientations_iPad = "UIInterfaceOrientationPortrait UIInterfaceOrientationPortraitUpsideDown UIInterfaceOrientationLandscapeLeft UIInterfaceOrientationLandscapeRight";
				INFOPLIST_KEY_UISupportedInterfaceOrientations_iPhone = "UIInterfaceOrientationPortrait UIInterfaceOrientationLandscapeLeft UIInterfaceOrientationLandscapeRight";
				IPHONEOS_DEPLOYMENT_TARGET = 16.0;
				LD_RUNPATH_SEARCH_PATHS = (
					"$(inherited)",
					"@executable_path/Frameworks",
				);
				LIBRARY_SEARCH_PATHS = (
					"$(inherited)",
					"$(PROJECT_DIR)",
				);
				MACOSX_DEPLOYMENT_TARGET = "$(RECOMMENDED_MACOSX_DEPLOYMENT_TARGET)";
				MARKETING_VERSION = 1.0;
				ONLY_ACTIVE_ARCH = YES;
				OTHER_LDFLAGS = "";
				PRODUCT_BUNDLE_IDENTIFIER = com.cisco.quicr.decimus;
				PRODUCT_NAME = "$(TARGET_NAME)";
				SUPPORTED_PLATFORMS = "iphoneos iphonesimulator";
				SUPPORTS_MACCATALYST = YES;
				SUPPORTS_MAC_DESIGNED_FOR_IPHONE_IPAD = NO;
				SWIFT_EMIT_LOC_STRINGS = YES;
				SWIFT_OBJC_BRIDGING_HEADER = "Decimus/Lib/Decimus-Bridging-Header.h";
				SWIFT_VERSION = 5.0;
				TARGETED_DEVICE_FAMILY = "1,2";
				USE_HEADERMAP = NO;
			};
			name = Release;
		};
/* End XCBuildConfiguration section */

/* Begin XCConfigurationList section */
		9B85952129F04522008C813C /* Build configuration list for PBXNativeTarget "Tests" */ = {
			isa = XCConfigurationList;
			buildConfigurations = (
				9B85952229F04522008C813C /* Debug */,
				9B85952329F04522008C813C /* Release */,
			);
			defaultConfigurationIsVisible = 0;
			defaultConfigurationName = Release;
		};
		9BA27FBD297D7270007013B2 /* Build configuration list for PBXProject "Decimus" */ = {
			isa = XCConfigurationList;
			buildConfigurations = (
				9BA27FE4297D7271007013B2 /* Debug */,
				9BA27FE5297D7271007013B2 /* Release */,
			);
			defaultConfigurationIsVisible = 0;
			defaultConfigurationName = Release;
		};
		9BA27FE6297D7271007013B2 /* Build configuration list for PBXNativeTarget "Decimus" */ = {
			isa = XCConfigurationList;
			buildConfigurations = (
				9BA27FE7297D7271007013B2 /* Debug */,
				9BA27FE8297D7271007013B2 /* Release */,
			);
			defaultConfigurationIsVisible = 0;
			defaultConfigurationName = Release;
		};
/* End XCConfigurationList section */

/* Begin XCRemoteSwiftPackageReference section */
		188ABB542A792E9C00B31A6E /* XCRemoteSwiftPackageReference "swift-opus" */ = {
			isa = XCRemoteSwiftPackageReference;
			repositoryURL = "https://github.com/RichLogan/swift-opus.git";
			requirement = {
				branch = "ctl-plc";
				kind = branch;
			};
		};
		18BF45762B0E0F3D006E8E24 /* XCRemoteSwiftPackageReference "TPCircularBuffer" */ = {
			isa = XCRemoteSwiftPackageReference;
			repositoryURL = "https://github.com/michaeltyson/TPCircularBuffer.git";
			requirement = {
				kind = upToNextMajorVersion;
				minimumVersion = 1.6.2;
			};
		};
		18C89A382A13D1E4005B333B /* XCRemoteSwiftPackageReference "influxdb-client-swift" */ = {
			isa = XCRemoteSwiftPackageReference;
			repositoryURL = "https://github.com/influxdata/influxdb-client-swift";
			requirement = {
				kind = upToNextMajorVersion;
				minimumVersion = 1.0.0;
			};
		};
		9B165A1F298807A40017079F /* XCRemoteSwiftPackageReference "SwiftLint" */ = {
			isa = XCRemoteSwiftPackageReference;
			repositoryURL = "https://github.com/evfemist/SwiftLint";
			requirement = {
				branch = main;
				kind = branch;
			};
		};
		9BDD5B11299697DE00C01D54 /* XCRemoteSwiftPackageReference "swift-collections" */ = {
			isa = XCRemoteSwiftPackageReference;
			repositoryURL = "https://github.com/apple/swift-collections.git";
			requirement = {
				kind = upToNextMajorVersion;
				minimumVersion = 1.0.0;
			};
		};
		FFA0E84E2A6F25A20027603B /* XCRemoteSwiftPackageReference "WrappingHStack" */ = {
			isa = XCRemoteSwiftPackageReference;
			repositoryURL = "https://github.com/ksemianov/WrappingHStack";
			requirement = {
				kind = upToNextMajorVersion;
				minimumVersion = 0.1.3;
			};
		};
/* End XCRemoteSwiftPackageReference section */

/* Begin XCSwiftPackageProductDependency section */
		188ABB552A792E9C00B31A6E /* Opus */ = {
			isa = XCSwiftPackageProductDependency;
			package = 188ABB542A792E9C00B31A6E /* XCRemoteSwiftPackageReference "swift-opus" */;
			productName = Opus;
		};
		18BF45772B0E0F3D006E8E24 /* TPCircularBuffer */ = {
			isa = XCSwiftPackageProductDependency;
			package = 18BF45762B0E0F3D006E8E24 /* XCRemoteSwiftPackageReference "TPCircularBuffer" */;
			productName = TPCircularBuffer;
		};
		18C89A392A13D1E4005B333B /* InfluxDBSwift */ = {
			isa = XCSwiftPackageProductDependency;
			package = 18C89A382A13D1E4005B333B /* XCRemoteSwiftPackageReference "influxdb-client-swift" */;
			productName = InfluxDBSwift;
		};
		18F7C4D92AB1C7BD005EDB88 /* OrderedCollections */ = {
			isa = XCSwiftPackageProductDependency;
			package = 9BDD5B11299697DE00C01D54 /* XCRemoteSwiftPackageReference "swift-collections" */;
			productName = OrderedCollections;
		};
		9BDD5B12299697DE00C01D54 /* DequeModule */ = {
			isa = XCSwiftPackageProductDependency;
			package = 9BDD5B11299697DE00C01D54 /* XCRemoteSwiftPackageReference "swift-collections" */;
			productName = DequeModule;
		};
		FFA0E84F2A6F25A20027603B /* WrappingHStack */ = {
			isa = XCSwiftPackageProductDependency;
			package = FFA0E84E2A6F25A20027603B /* XCRemoteSwiftPackageReference "WrappingHStack" */;
			productName = WrappingHStack;
		};
/* End XCSwiftPackageProductDependency section */
	};
	rootObject = 9BA27FBA297D7270007013B2 /* Project object */;
}
